// !$*UTF8*$!
{
	archiveVersion = 1;
	classes = {
	};
	objectVersion = 55;
	objects = {

/* Begin PBXBuildFile section */
		3187F7796677278A8A6A2C1C /* Pods_PushTestIOSTests.framework in Frameworks */ = {isa = PBXBuildFile; fileRef = 3E19375AB4E9174F03BAD8CD /* Pods_PushTestIOSTests.framework */; };
		534C4ED694AF58F206A08792 /* Pods_PushTestIOS_PushTestIOSUITests.framework in Frameworks */ = {isa = PBXBuildFile; fileRef = F97184AB7C57813A42470530 /* Pods_PushTestIOS_PushTestIOSUITests.framework */; };
		7C81329C270BB84400805B18 /* AppDelegate.m in Sources */ = {isa = PBXBuildFile; fileRef = 7C81329B270BB84400805B18 /* AppDelegate.m */; };
		7C81329F270BB84400805B18 /* SceneDelegate.m in Sources */ = {isa = PBXBuildFile; fileRef = 7C81329E270BB84400805B18 /* SceneDelegate.m */; };
		7C8132A2270BB84400805B18 /* ViewController.m in Sources */ = {isa = PBXBuildFile; fileRef = 7C8132A1270BB84400805B18 /* ViewController.m */; };
		7C8132A5270BB84400805B18 /* Main.storyboard in Resources */ = {isa = PBXBuildFile; fileRef = 7C8132A3270BB84400805B18 /* Main.storyboard */; };
		7C8132A7270BB84500805B18 /* Assets.xcassets in Resources */ = {isa = PBXBuildFile; fileRef = 7C8132A6270BB84500805B18 /* Assets.xcassets */; };
		7C8132AA270BB84500805B18 /* LaunchScreen.storyboard in Resources */ = {isa = PBXBuildFile; fileRef = 7C8132A8270BB84500805B18 /* LaunchScreen.storyboard */; };
		7C8132AD270BB84500805B18 /* main.m in Sources */ = {isa = PBXBuildFile; fileRef = 7C8132AC270BB84500805B18 /* main.m */; };
		7C8132B7270BB84500805B18 /* PushTestIOSTests.m in Sources */ = {isa = PBXBuildFile; fileRef = 7C8132B6270BB84500805B18 /* PushTestIOSTests.m */; };
		7C8132C1270BB84500805B18 /* PushTestIOSUITests.m in Sources */ = {isa = PBXBuildFile; fileRef = 7C8132C0270BB84500805B18 /* PushTestIOSUITests.m */; };
		7C8132C3270BB84500805B18 /* PushTestIOSUITestsLaunchTests.m in Sources */ = {isa = PBXBuildFile; fileRef = 7C8132C2270BB84500805B18 /* PushTestIOSUITestsLaunchTests.m */; };
		7C8132D1270BBBD600805B18 /* GoogleService-Info.plist in Resources */ = {isa = PBXBuildFile; fileRef = 7C8132D0270BBBD600805B18 /* GoogleService-Info.plist */; };
		7CBDBC9C272780C700F626E3 /* UserNotifications.framework in Frameworks */ = {isa = PBXBuildFile; fileRef = 7CBDBC9B272780C700F626E3 /* UserNotifications.framework */; };
		90ACA63302FF46FED72D0BDC /* Pods_PushTestIOS.framework in Frameworks */ = {isa = PBXBuildFile; fileRef = D1DFDC5AD4C515DF056ED40D /* Pods_PushTestIOS.framework */; };
/* End PBXBuildFile section */

/* Begin PBXContainerItemProxy section */
		7C8132B3270BB84500805B18 /* PBXContainerItemProxy */ = {
			isa = PBXContainerItemProxy;
			containerPortal = 7C81328F270BB84400805B18 /* Project object */;
			proxyType = 1;
			remoteGlobalIDString = 7C813296270BB84400805B18;
			remoteInfo = PushTestIOS;
		};
		7C8132BD270BB84500805B18 /* PBXContainerItemProxy */ = {
			isa = PBXContainerItemProxy;
			containerPortal = 7C81328F270BB84400805B18 /* Project object */;
			proxyType = 1;
			remoteGlobalIDString = 7C813296270BB84400805B18;
			remoteInfo = PushTestIOS;
		};
/* End PBXContainerItemProxy section */

/* Begin PBXFileReference section */
		088CCDDF8A13D849B60C32D1 /* Pods-PushTestIOS-PushTestIOSUITests.release.xcconfig */ = {isa = PBXFileReference; includeInIndex = 1; lastKnownFileType = text.xcconfig; name = "Pods-PushTestIOS-PushTestIOSUITests.release.xcconfig"; path = "Target Support Files/Pods-PushTestIOS-PushTestIOSUITests/Pods-PushTestIOS-PushTestIOSUITests.release.xcconfig"; sourceTree = "<group>"; };
		2C0BEAD709A10B58ABA4E363 /* Pods-PushTestIOSTests.release.xcconfig */ = {isa = PBXFileReference; includeInIndex = 1; lastKnownFileType = text.xcconfig; name = "Pods-PushTestIOSTests.release.xcconfig"; path = "Target Support Files/Pods-PushTestIOSTests/Pods-PushTestIOSTests.release.xcconfig"; sourceTree = "<group>"; };
		3E19375AB4E9174F03BAD8CD /* Pods_PushTestIOSTests.framework */ = {isa = PBXFileReference; explicitFileType = wrapper.framework; includeInIndex = 0; path = Pods_PushTestIOSTests.framework; sourceTree = BUILT_PRODUCTS_DIR; };
		55EF8E697974219726C2A74A /* Pods-PushTestIOS.debug.xcconfig */ = {isa = PBXFileReference; includeInIndex = 1; lastKnownFileType = text.xcconfig; name = "Pods-PushTestIOS.debug.xcconfig"; path = "Target Support Files/Pods-PushTestIOS/Pods-PushTestIOS.debug.xcconfig"; sourceTree = "<group>"; };
		6D4DAE6E497F4C0D59EE175A /* Pods-PushTestIOS-PushTestIOSUITests.debug.xcconfig */ = {isa = PBXFileReference; includeInIndex = 1; lastKnownFileType = text.xcconfig; name = "Pods-PushTestIOS-PushTestIOSUITests.debug.xcconfig"; path = "Target Support Files/Pods-PushTestIOS-PushTestIOSUITests/Pods-PushTestIOS-PushTestIOSUITests.debug.xcconfig"; sourceTree = "<group>"; };
		7C813297270BB84400805B18 /* PushTestIOS.app */ = {isa = PBXFileReference; explicitFileType = wrapper.application; includeInIndex = 0; path = PushTestIOS.app; sourceTree = BUILT_PRODUCTS_DIR; };
		7C81329A270BB84400805B18 /* AppDelegate.h */ = {isa = PBXFileReference; lastKnownFileType = sourcecode.c.h; path = AppDelegate.h; sourceTree = "<group>"; };
		7C81329B270BB84400805B18 /* AppDelegate.m */ = {isa = PBXFileReference; lastKnownFileType = sourcecode.c.objc; path = AppDelegate.m; sourceTree = "<group>"; };
		7C81329D270BB84400805B18 /* SceneDelegate.h */ = {isa = PBXFileReference; lastKnownFileType = sourcecode.c.h; path = SceneDelegate.h; sourceTree = "<group>"; };
		7C81329E270BB84400805B18 /* SceneDelegate.m */ = {isa = PBXFileReference; lastKnownFileType = sourcecode.c.objc; path = SceneDelegate.m; sourceTree = "<group>"; };
		7C8132A0270BB84400805B18 /* ViewController.h */ = {isa = PBXFileReference; lastKnownFileType = sourcecode.c.h; path = ViewController.h; sourceTree = "<group>"; };
		7C8132A1270BB84400805B18 /* ViewController.m */ = {isa = PBXFileReference; lastKnownFileType = sourcecode.c.objc; path = ViewController.m; sourceTree = "<group>"; };
		7C8132A4270BB84400805B18 /* Base */ = {isa = PBXFileReference; lastKnownFileType = file.storyboard; name = Base; path = Base.lproj/Main.storyboard; sourceTree = "<group>"; };
		7C8132A6270BB84500805B18 /* Assets.xcassets */ = {isa = PBXFileReference; lastKnownFileType = folder.assetcatalog; path = Assets.xcassets; sourceTree = "<group>"; };
		7C8132A9270BB84500805B18 /* Base */ = {isa = PBXFileReference; lastKnownFileType = file.storyboard; name = Base; path = Base.lproj/LaunchScreen.storyboard; sourceTree = "<group>"; };
		7C8132AB270BB84500805B18 /* Info.plist */ = {isa = PBXFileReference; lastKnownFileType = text.plist.xml; path = Info.plist; sourceTree = "<group>"; };
		7C8132AC270BB84500805B18 /* main.m */ = {isa = PBXFileReference; lastKnownFileType = sourcecode.c.objc; path = main.m; sourceTree = "<group>"; };
		7C8132B2270BB84500805B18 /* PushTestIOSTests.xctest */ = {isa = PBXFileReference; explicitFileType = wrapper.cfbundle; includeInIndex = 0; path = PushTestIOSTests.xctest; sourceTree = BUILT_PRODUCTS_DIR; };
		7C8132B6270BB84500805B18 /* PushTestIOSTests.m */ = {isa = PBXFileReference; lastKnownFileType = sourcecode.c.objc; path = PushTestIOSTests.m; sourceTree = "<group>"; };
		7C8132BC270BB84500805B18 /* PushTestIOSUITests.xctest */ = {isa = PBXFileReference; explicitFileType = wrapper.cfbundle; includeInIndex = 0; path = PushTestIOSUITests.xctest; sourceTree = BUILT_PRODUCTS_DIR; };
		7C8132C0270BB84500805B18 /* PushTestIOSUITests.m */ = {isa = PBXFileReference; lastKnownFileType = sourcecode.c.objc; path = PushTestIOSUITests.m; sourceTree = "<group>"; };
		7C8132C2270BB84500805B18 /* PushTestIOSUITestsLaunchTests.m */ = {isa = PBXFileReference; lastKnownFileType = sourcecode.c.objc; path = PushTestIOSUITestsLaunchTests.m; sourceTree = "<group>"; };
		7C8132CF270BB85600805B18 /* PushTestIOS.entitlements */ = {isa = PBXFileReference; lastKnownFileType = text.plist.entitlements; path = PushTestIOS.entitlements; sourceTree = "<group>"; };
		7C8132D0270BBBD600805B18 /* GoogleService-Info.plist */ = {isa = PBXFileReference; fileEncoding = 4; lastKnownFileType = text.plist.xml; path = "GoogleService-Info.plist"; sourceTree = "<group>"; };
		7CBDBC9B272780C700F626E3 /* UserNotifications.framework */ = {isa = PBXFileReference; lastKnownFileType = wrapper.framework; name = UserNotifications.framework; path = System/Library/Frameworks/UserNotifications.framework; sourceTree = SDKROOT; };
		C521FDDFB311D75FE03A6698 /* Pods-PushTestIOSTests.debug.xcconfig */ = {isa = PBXFileReference; includeInIndex = 1; lastKnownFileType = text.xcconfig; name = "Pods-PushTestIOSTests.debug.xcconfig"; path = "Target Support Files/Pods-PushTestIOSTests/Pods-PushTestIOSTests.debug.xcconfig"; sourceTree = "<group>"; };
		D0B6AAB396D8986229427708 /* Pods-PushTestIOS.release.xcconfig */ = {isa = PBXFileReference; includeInIndex = 1; lastKnownFileType = text.xcconfig; name = "Pods-PushTestIOS.release.xcconfig"; path = "Target Support Files/Pods-PushTestIOS/Pods-PushTestIOS.release.xcconfig"; sourceTree = "<group>"; };
		D1DFDC5AD4C515DF056ED40D /* Pods_PushTestIOS.framework */ = {isa = PBXFileReference; explicitFileType = wrapper.framework; includeInIndex = 0; path = Pods_PushTestIOS.framework; sourceTree = BUILT_PRODUCTS_DIR; };
		F97184AB7C57813A42470530 /* Pods_PushTestIOS_PushTestIOSUITests.framework */ = {isa = PBXFileReference; explicitFileType = wrapper.framework; includeInIndex = 0; path = Pods_PushTestIOS_PushTestIOSUITests.framework; sourceTree = BUILT_PRODUCTS_DIR; };
/* End PBXFileReference section */

/* Begin PBXFrameworksBuildPhase section */
		7C813294270BB84400805B18 /* Frameworks */ = {
			isa = PBXFrameworksBuildPhase;
			buildActionMask = 2147483647;
			files = (
				7CBDBC9C272780C700F626E3 /* UserNotifications.framework in Frameworks */,
				90ACA63302FF46FED72D0BDC /* Pods_PushTestIOS.framework in Frameworks */,
			);
			runOnlyForDeploymentPostprocessing = 0;
		};
		7C8132AF270BB84500805B18 /* Frameworks */ = {
			isa = PBXFrameworksBuildPhase;
			buildActionMask = 2147483647;
			files = (
				3187F7796677278A8A6A2C1C /* Pods_PushTestIOSTests.framework in Frameworks */,
			);
			runOnlyForDeploymentPostprocessing = 0;
		};
		7C8132B9270BB84500805B18 /* Frameworks */ = {
			isa = PBXFrameworksBuildPhase;
			buildActionMask = 2147483647;
			files = (
				534C4ED694AF58F206A08792 /* Pods_PushTestIOS_PushTestIOSUITests.framework in Frameworks */,
			);
			runOnlyForDeploymentPostprocessing = 0;
		};
/* End PBXFrameworksBuildPhase section */

/* Begin PBXGroup section */
		2B95573FF781422239DD74CF /* Pods */ = {
			isa = PBXGroup;
			children = (
				55EF8E697974219726C2A74A /* Pods-PushTestIOS.debug.xcconfig */,
				D0B6AAB396D8986229427708 /* Pods-PushTestIOS.release.xcconfig */,
				6D4DAE6E497F4C0D59EE175A /* Pods-PushTestIOS-PushTestIOSUITests.debug.xcconfig */,
				088CCDDF8A13D849B60C32D1 /* Pods-PushTestIOS-PushTestIOSUITests.release.xcconfig */,
				C521FDDFB311D75FE03A6698 /* Pods-PushTestIOSTests.debug.xcconfig */,
				2C0BEAD709A10B58ABA4E363 /* Pods-PushTestIOSTests.release.xcconfig */,
			);
			path = Pods;
			sourceTree = "<group>";
		};
		7C81328E270BB84400805B18 = {
			isa = PBXGroup;
			children = (
				7C813299270BB84400805B18 /* PushTestIOS */,
				7C8132B5270BB84500805B18 /* PushTestIOSTests */,
				7C8132BF270BB84500805B18 /* PushTestIOSUITests */,
				7C813298270BB84400805B18 /* Products */,
				2B95573FF781422239DD74CF /* Pods */,
				CACB20FA428086D2DD9E0B4F /* Frameworks */,
			);
			sourceTree = "<group>";
		};
		7C813298270BB84400805B18 /* Products */ = {
			isa = PBXGroup;
			children = (
				7C813297270BB84400805B18 /* PushTestIOS.app */,
				7C8132B2270BB84500805B18 /* PushTestIOSTests.xctest */,
				7C8132BC270BB84500805B18 /* PushTestIOSUITests.xctest */,
			);
			name = Products;
			sourceTree = "<group>";
		};
		7C813299270BB84400805B18 /* PushTestIOS */ = {
			isa = PBXGroup;
			children = (
				7C8132CF270BB85600805B18 /* PushTestIOS.entitlements */,
				7C81329A270BB84400805B18 /* AppDelegate.h */,
				7C81329B270BB84400805B18 /* AppDelegate.m */,
				7C81329D270BB84400805B18 /* SceneDelegate.h */,
				7C81329E270BB84400805B18 /* SceneDelegate.m */,
				7C8132A0270BB84400805B18 /* ViewController.h */,
				7C8132A1270BB84400805B18 /* ViewController.m */,
				7C8132A3270BB84400805B18 /* Main.storyboard */,
				7C8132A6270BB84500805B18 /* Assets.xcassets */,
				7C8132A8270BB84500805B18 /* LaunchScreen.storyboard */,
				7C8132AB270BB84500805B18 /* Info.plist */,
				7C8132D0270BBBD600805B18 /* GoogleService-Info.plist */,
				7C8132AC270BB84500805B18 /* main.m */,
			);
			path = PushTestIOS;
			sourceTree = "<group>";
		};
		7C8132B5270BB84500805B18 /* PushTestIOSTests */ = {
			isa = PBXGroup;
			children = (
				7C8132B6270BB84500805B18 /* PushTestIOSTests.m */,
			);
			path = PushTestIOSTests;
			sourceTree = "<group>";
		};
		7C8132BF270BB84500805B18 /* PushTestIOSUITests */ = {
			isa = PBXGroup;
			children = (
				7C8132C0270BB84500805B18 /* PushTestIOSUITests.m */,
				7C8132C2270BB84500805B18 /* PushTestIOSUITestsLaunchTests.m */,
			);
			path = PushTestIOSUITests;
			sourceTree = "<group>";
		};
		CACB20FA428086D2DD9E0B4F /* Frameworks */ = {
			isa = PBXGroup;
			children = (
				7CBDBC9B272780C700F626E3 /* UserNotifications.framework */,
				D1DFDC5AD4C515DF056ED40D /* Pods_PushTestIOS.framework */,
				F97184AB7C57813A42470530 /* Pods_PushTestIOS_PushTestIOSUITests.framework */,
				3E19375AB4E9174F03BAD8CD /* Pods_PushTestIOSTests.framework */,
			);
			name = Frameworks;
			sourceTree = "<group>";
		};
/* End PBXGroup section */

/* Begin PBXNativeTarget section */
		7C813296270BB84400805B18 /* PushTestIOS */ = {
			isa = PBXNativeTarget;
			buildConfigurationList = 7C8132C6270BB84500805B18 /* Build configuration list for PBXNativeTarget "PushTestIOS" */;
			buildPhases = (
				74DCE6836494DE8C722E9E64 /* [CP] Check Pods Manifest.lock */,
				7C813293270BB84400805B18 /* Sources */,
				7C813294270BB84400805B18 /* Frameworks */,
				7C813295270BB84400805B18 /* Resources */,
				8600124EE46C283E0F175294 /* [CP] Embed Pods Frameworks */,
			);
			buildRules = (
			);
			dependencies = (
			);
			name = PushTestIOS;
			productName = PushTestIOS;
			productReference = 7C813297270BB84400805B18 /* PushTestIOS.app */;
			productType = "com.apple.product-type.application";
		};
		7C8132B1270BB84500805B18 /* PushTestIOSTests */ = {
			isa = PBXNativeTarget;
			buildConfigurationList = 7C8132C9270BB84500805B18 /* Build configuration list for PBXNativeTarget "PushTestIOSTests" */;
			buildPhases = (
				F23738B2D6F8460EAF2A82EA /* [CP] Check Pods Manifest.lock */,
				7C8132AE270BB84500805B18 /* Sources */,
				7C8132AF270BB84500805B18 /* Frameworks */,
				7C8132B0270BB84500805B18 /* Resources */,
			);
			buildRules = (
			);
			dependencies = (
				7C8132B4270BB84500805B18 /* PBXTargetDependency */,
			);
			name = PushTestIOSTests;
			productName = PushTestIOSTests;
			productReference = 7C8132B2270BB84500805B18 /* PushTestIOSTests.xctest */;
			productType = "com.apple.product-type.bundle.unit-test";
		};
		7C8132BB270BB84500805B18 /* PushTestIOSUITests */ = {
			isa = PBXNativeTarget;
			buildConfigurationList = 7C8132CC270BB84500805B18 /* Build configuration list for PBXNativeTarget "PushTestIOSUITests" */;
			buildPhases = (
				20CB330ACA92F020F7DFF11A /* [CP] Check Pods Manifest.lock */,
				7C8132B8270BB84500805B18 /* Sources */,
				7C8132B9270BB84500805B18 /* Frameworks */,
				7C8132BA270BB84500805B18 /* Resources */,
				F4C9A02AAF7567E93298302B /* [CP] Embed Pods Frameworks */,
			);
			buildRules = (
			);
			dependencies = (
				7C8132BE270BB84500805B18 /* PBXTargetDependency */,
			);
			name = PushTestIOSUITests;
			productName = PushTestIOSUITests;
			productReference = 7C8132BC270BB84500805B18 /* PushTestIOSUITests.xctest */;
			productType = "com.apple.product-type.bundle.ui-testing";
		};
/* End PBXNativeTarget section */

/* Begin PBXProject section */
		7C81328F270BB84400805B18 /* Project object */ = {
			isa = PBXProject;
			attributes = {
				BuildIndependentTargetsInParallel = 1;
				LastUpgradeCheck = 1300;
				TargetAttributes = {
					7C813296270BB84400805B18 = {
						CreatedOnToolsVersion = 13.0;
					};
					7C8132B1270BB84500805B18 = {
						CreatedOnToolsVersion = 13.0;
						TestTargetID = 7C813296270BB84400805B18;
					};
					7C8132BB270BB84500805B18 = {
						CreatedOnToolsVersion = 13.0;
						TestTargetID = 7C813296270BB84400805B18;
					};
				};
			};
			buildConfigurationList = 7C813292270BB84400805B18 /* Build configuration list for PBXProject "PushTestIOS" */;
			compatibilityVersion = "Xcode 13.0";
			developmentRegion = en;
			hasScannedForEncodings = 0;
			knownRegions = (
				en,
				Base,
			);
			mainGroup = 7C81328E270BB84400805B18;
			productRefGroup = 7C813298270BB84400805B18 /* Products */;
			projectDirPath = "";
			projectRoot = "";
			targets = (
				7C813296270BB84400805B18 /* PushTestIOS */,
				7C8132B1270BB84500805B18 /* PushTestIOSTests */,
				7C8132BB270BB84500805B18 /* PushTestIOSUITests */,
			);
		};
/* End PBXProject section */

/* Begin PBXResourcesBuildPhase section */
		7C813295270BB84400805B18 /* Resources */ = {
			isa = PBXResourcesBuildPhase;
			buildActionMask = 2147483647;
			files = (
				7C8132AA270BB84500805B18 /* LaunchScreen.storyboard in Resources */,
				7C8132D1270BBBD600805B18 /* GoogleService-Info.plist in Resources */,
				7C8132A7270BB84500805B18 /* Assets.xcassets in Resources */,
				7C8132A5270BB84400805B18 /* Main.storyboard in Resources */,
			);
			runOnlyForDeploymentPostprocessing = 0;
		};
		7C8132B0270BB84500805B18 /* Resources */ = {
			isa = PBXResourcesBuildPhase;
			buildActionMask = 2147483647;
			files = (
			);
			runOnlyForDeploymentPostprocessing = 0;
		};
		7C8132BA270BB84500805B18 /* Resources */ = {
			isa = PBXResourcesBuildPhase;
			buildActionMask = 2147483647;
			files = (
			);
			runOnlyForDeploymentPostprocessing = 0;
		};
/* End PBXResourcesBuildPhase section */

/* Begin PBXShellScriptBuildPhase section */
		20CB330ACA92F020F7DFF11A /* [CP] Check Pods Manifest.lock */ = {
			isa = PBXShellScriptBuildPhase;
			buildActionMask = 2147483647;
			files = (
			);
			inputFileListPaths = (
			);
			inputPaths = (
				"${PODS_PODFILE_DIR_PATH}/Podfile.lock",
				"${PODS_ROOT}/Manifest.lock",
			);
			name = "[CP] Check Pods Manifest.lock";
			outputFileListPaths = (
			);
			outputPaths = (
				"$(DERIVED_FILE_DIR)/Pods-PushTestIOS-PushTestIOSUITests-checkManifestLockResult.txt",
			);
			runOnlyForDeploymentPostprocessing = 0;
			shellPath = /bin/sh;
			shellScript = "diff \"${PODS_PODFILE_DIR_PATH}/Podfile.lock\" \"${PODS_ROOT}/Manifest.lock\" > /dev/null\nif [ $? != 0 ] ; then\n    # print error to STDERR\n    echo \"error: The sandbox is not in sync with the Podfile.lock. Run 'pod install' or update your CocoaPods installation.\" >&2\n    exit 1\nfi\n# This output is used by Xcode 'outputs' to avoid re-running this script phase.\necho \"SUCCESS\" > \"${SCRIPT_OUTPUT_FILE_0}\"\n";
			showEnvVarsInLog = 0;
		};
		74DCE6836494DE8C722E9E64 /* [CP] Check Pods Manifest.lock */ = {
			isa = PBXShellScriptBuildPhase;
			buildActionMask = 2147483647;
			files = (
			);
			inputFileListPaths = (
			);
			inputPaths = (
				"${PODS_PODFILE_DIR_PATH}/Podfile.lock",
				"${PODS_ROOT}/Manifest.lock",
			);
			name = "[CP] Check Pods Manifest.lock";
			outputFileListPaths = (
			);
			outputPaths = (
				"$(DERIVED_FILE_DIR)/Pods-PushTestIOS-checkManifestLockResult.txt",
			);
			runOnlyForDeploymentPostprocessing = 0;
			shellPath = /bin/sh;
			shellScript = "diff \"${PODS_PODFILE_DIR_PATH}/Podfile.lock\" \"${PODS_ROOT}/Manifest.lock\" > /dev/null\nif [ $? != 0 ] ; then\n    # print error to STDERR\n    echo \"error: The sandbox is not in sync with the Podfile.lock. Run 'pod install' or update your CocoaPods installation.\" >&2\n    exit 1\nfi\n# This output is used by Xcode 'outputs' to avoid re-running this script phase.\necho \"SUCCESS\" > \"${SCRIPT_OUTPUT_FILE_0}\"\n";
			showEnvVarsInLog = 0;
		};
		8600124EE46C283E0F175294 /* [CP] Embed Pods Frameworks */ = {
			isa = PBXShellScriptBuildPhase;
			buildActionMask = 2147483647;
			files = (
			);
			inputFileListPaths = (
				"${PODS_ROOT}/Target Support Files/Pods-PushTestIOS/Pods-PushTestIOS-frameworks-${CONFIGURATION}-input-files.xcfilelist",
			);
			name = "[CP] Embed Pods Frameworks";
			outputFileListPaths = (
				"${PODS_ROOT}/Target Support Files/Pods-PushTestIOS/Pods-PushTestIOS-frameworks-${CONFIGURATION}-output-files.xcfilelist",
			);
			runOnlyForDeploymentPostprocessing = 0;
			shellPath = /bin/sh;
			shellScript = "\"${PODS_ROOT}/Target Support Files/Pods-PushTestIOS/Pods-PushTestIOS-frameworks.sh\"\n";
			showEnvVarsInLog = 0;
		};
		F23738B2D6F8460EAF2A82EA /* [CP] Check Pods Manifest.lock */ = {
			isa = PBXShellScriptBuildPhase;
			buildActionMask = 2147483647;
			files = (
			);
			inputFileListPaths = (
			);
			inputPaths = (
				"${PODS_PODFILE_DIR_PATH}/Podfile.lock",
				"${PODS_ROOT}/Manifest.lock",
			);
			name = "[CP] Check Pods Manifest.lock";
			outputFileListPaths = (
			);
			outputPaths = (
				"$(DERIVED_FILE_DIR)/Pods-PushTestIOSTests-checkManifestLockResult.txt",
			);
			runOnlyForDeploymentPostprocessing = 0;
			shellPath = /bin/sh;
			shellScript = "diff \"${PODS_PODFILE_DIR_PATH}/Podfile.lock\" \"${PODS_ROOT}/Manifest.lock\" > /dev/null\nif [ $? != 0 ] ; then\n    # print error to STDERR\n    echo \"error: The sandbox is not in sync with the Podfile.lock. Run 'pod install' or update your CocoaPods installation.\" >&2\n    exit 1\nfi\n# This output is used by Xcode 'outputs' to avoid re-running this script phase.\necho \"SUCCESS\" > \"${SCRIPT_OUTPUT_FILE_0}\"\n";
			showEnvVarsInLog = 0;
		};
		F4C9A02AAF7567E93298302B /* [CP] Embed Pods Frameworks */ = {
			isa = PBXShellScriptBuildPhase;
			buildActionMask = 2147483647;
			files = (
			);
			inputFileListPaths = (
				"${PODS_ROOT}/Target Support Files/Pods-PushTestIOS-PushTestIOSUITests/Pods-PushTestIOS-PushTestIOSUITests-frameworks-${CONFIGURATION}-input-files.xcfilelist",
			);
			name = "[CP] Embed Pods Frameworks";
			outputFileListPaths = (
				"${PODS_ROOT}/Target Support Files/Pods-PushTestIOS-PushTestIOSUITests/Pods-PushTestIOS-PushTestIOSUITests-frameworks-${CONFIGURATION}-output-files.xcfilelist",
			);
			runOnlyForDeploymentPostprocessing = 0;
			shellPath = /bin/sh;
			shellScript = "\"${PODS_ROOT}/Target Support Files/Pods-PushTestIOS-PushTestIOSUITests/Pods-PushTestIOS-PushTestIOSUITests-frameworks.sh\"\n";
			showEnvVarsInLog = 0;
		};
/* End PBXShellScriptBuildPhase section */

/* Begin PBXSourcesBuildPhase section */
		7C813293270BB84400805B18 /* Sources */ = {
			isa = PBXSourcesBuildPhase;
			buildActionMask = 2147483647;
			files = (
				7C8132A2270BB84400805B18 /* ViewController.m in Sources */,
				7C81329C270BB84400805B18 /* AppDelegate.m in Sources */,
				7C8132AD270BB84500805B18 /* main.m in Sources */,
				7C81329F270BB84400805B18 /* SceneDelegate.m in Sources */,
			);
			runOnlyForDeploymentPostprocessing = 0;
		};
		7C8132AE270BB84500805B18 /* Sources */ = {
			isa = PBXSourcesBuildPhase;
			buildActionMask = 2147483647;
			files = (
				7C8132B7270BB84500805B18 /* PushTestIOSTests.m in Sources */,
			);
			runOnlyForDeploymentPostprocessing = 0;
		};
		7C8132B8270BB84500805B18 /* Sources */ = {
			isa = PBXSourcesBuildPhase;
			buildActionMask = 2147483647;
			files = (
				7C8132C3270BB84500805B18 /* PushTestIOSUITestsLaunchTests.m in Sources */,
				7C8132C1270BB84500805B18 /* PushTestIOSUITests.m in Sources */,
			);
			runOnlyForDeploymentPostprocessing = 0;
		};
/* End PBXSourcesBuildPhase section */

/* Begin PBXTargetDependency section */
		7C8132B4270BB84500805B18 /* PBXTargetDependency */ = {
			isa = PBXTargetDependency;
			target = 7C813296270BB84400805B18 /* PushTestIOS */;
			targetProxy = 7C8132B3270BB84500805B18 /* PBXContainerItemProxy */;
		};
		7C8132BE270BB84500805B18 /* PBXTargetDependency */ = {
			isa = PBXTargetDependency;
			target = 7C813296270BB84400805B18 /* PushTestIOS */;
			targetProxy = 7C8132BD270BB84500805B18 /* PBXContainerItemProxy */;
		};
/* End PBXTargetDependency section */

/* Begin PBXVariantGroup section */
		7C8132A3270BB84400805B18 /* Main.storyboard */ = {
			isa = PBXVariantGroup;
			children = (
				7C8132A4270BB84400805B18 /* Base */,
			);
			name = Main.storyboard;
			sourceTree = "<group>";
		};
		7C8132A8270BB84500805B18 /* LaunchScreen.storyboard */ = {
			isa = PBXVariantGroup;
			children = (
				7C8132A9270BB84500805B18 /* Base */,
			);
			name = LaunchScreen.storyboard;
			sourceTree = "<group>";
		};
/* End PBXVariantGroup section */

/* Begin XCBuildConfiguration section */
		7C8132C4270BB84500805B18 /* Debug */ = {
			isa = XCBuildConfiguration;
			buildSettings = {
				ALWAYS_SEARCH_USER_PATHS = NO;
				CLANG_ANALYZER_NONNULL = YES;
				CLANG_ANALYZER_NUMBER_OBJECT_CONVERSION = YES_AGGRESSIVE;
				CLANG_CXX_LANGUAGE_STANDARD = "gnu++17";
				CLANG_CXX_LIBRARY = "libc++";
				CLANG_ENABLE_MODULES = YES;
				CLANG_ENABLE_OBJC_ARC = YES;
				CLANG_ENABLE_OBJC_WEAK = YES;
				CLANG_WARN_BLOCK_CAPTURE_AUTORELEASING = YES;
				CLANG_WARN_BOOL_CONVERSION = YES;
				CLANG_WARN_COMMA = YES;
				CLANG_WARN_CONSTANT_CONVERSION = YES;
				CLANG_WARN_DEPRECATED_OBJC_IMPLEMENTATIONS = YES;
				CLANG_WARN_DIRECT_OBJC_ISA_USAGE = YES_ERROR;
				CLANG_WARN_DOCUMENTATION_COMMENTS = YES;
				CLANG_WARN_EMPTY_BODY = YES;
				CLANG_WARN_ENUM_CONVERSION = YES;
				CLANG_WARN_INFINITE_RECURSION = YES;
				CLANG_WARN_INT_CONVERSION = YES;
				CLANG_WARN_NON_LITERAL_NULL_CONVERSION = YES;
				CLANG_WARN_OBJC_IMPLICIT_RETAIN_SELF = YES;
				CLANG_WARN_OBJC_LITERAL_CONVERSION = YES;
				CLANG_WARN_OBJC_ROOT_CLASS = YES_ERROR;
				CLANG_WARN_QUOTED_INCLUDE_IN_FRAMEWORK_HEADER = YES;
				CLANG_WARN_RANGE_LOOP_ANALYSIS = YES;
				CLANG_WARN_STRICT_PROTOTYPES = YES;
				CLANG_WARN_SUSPICIOUS_MOVE = YES;
				CLANG_WARN_UNGUARDED_AVAILABILITY = YES_AGGRESSIVE;
				CLANG_WARN_UNREACHABLE_CODE = YES;
				CLANG_WARN__DUPLICATE_METHOD_MATCH = YES;
				COPY_PHASE_STRIP = NO;
				DEBUG_INFORMATION_FORMAT = dwarf;
				ENABLE_STRICT_OBJC_MSGSEND = YES;
				ENABLE_TESTABILITY = YES;
				GCC_C_LANGUAGE_STANDARD = gnu11;
				GCC_DYNAMIC_NO_PIC = NO;
				GCC_NO_COMMON_BLOCKS = YES;
				GCC_OPTIMIZATION_LEVEL = 0;
				GCC_PREPROCESSOR_DEFINITIONS = (
					"DEBUG=1",
					"$(inherited)",
				);
				GCC_WARN_64_TO_32_BIT_CONVERSION = YES;
				GCC_WARN_ABOUT_RETURN_TYPE = YES_ERROR;
				GCC_WARN_UNDECLARED_SELECTOR = YES;
				GCC_WARN_UNINITIALIZED_AUTOS = YES_AGGRESSIVE;
				GCC_WARN_UNUSED_FUNCTION = YES;
				GCC_WARN_UNUSED_VARIABLE = YES;
				IPHONEOS_DEPLOYMENT_TARGET = 13.0;
				MTL_ENABLE_DEBUG_INFO = INCLUDE_SOURCE;
				MTL_FAST_MATH = YES;
				ONLY_ACTIVE_ARCH = YES;
				SDKROOT = iphoneos;
			};
			name = Debug;
		};
		7C8132C5270BB84500805B18 /* Release */ = {
			isa = XCBuildConfiguration;
			buildSettings = {
				ALWAYS_SEARCH_USER_PATHS = NO;
				CLANG_ANALYZER_NONNULL = YES;
				CLANG_ANALYZER_NUMBER_OBJECT_CONVERSION = YES_AGGRESSIVE;
				CLANG_CXX_LANGUAGE_STANDARD = "gnu++17";
				CLANG_CXX_LIBRARY = "libc++";
				CLANG_ENABLE_MODULES = YES;
				CLANG_ENABLE_OBJC_ARC = YES;
				CLANG_ENABLE_OBJC_WEAK = YES;
				CLANG_WARN_BLOCK_CAPTURE_AUTORELEASING = YES;
				CLANG_WARN_BOOL_CONVERSION = YES;
				CLANG_WARN_COMMA = YES;
				CLANG_WARN_CONSTANT_CONVERSION = YES;
				CLANG_WARN_DEPRECATED_OBJC_IMPLEMENTATIONS = YES;
				CLANG_WARN_DIRECT_OBJC_ISA_USAGE = YES_ERROR;
				CLANG_WARN_DOCUMENTATION_COMMENTS = YES;
				CLANG_WARN_EMPTY_BODY = YES;
				CLANG_WARN_ENUM_CONVERSION = YES;
				CLANG_WARN_INFINITE_RECURSION = YES;
				CLANG_WARN_INT_CONVERSION = YES;
				CLANG_WARN_NON_LITERAL_NULL_CONVERSION = YES;
				CLANG_WARN_OBJC_IMPLICIT_RETAIN_SELF = YES;
				CLANG_WARN_OBJC_LITERAL_CONVERSION = YES;
				CLANG_WARN_OBJC_ROOT_CLASS = YES_ERROR;
				CLANG_WARN_QUOTED_INCLUDE_IN_FRAMEWORK_HEADER = YES;
				CLANG_WARN_RANGE_LOOP_ANALYSIS = YES;
				CLANG_WARN_STRICT_PROTOTYPES = YES;
				CLANG_WARN_SUSPICIOUS_MOVE = YES;
				CLANG_WARN_UNGUARDED_AVAILABILITY = YES_AGGRESSIVE;
				CLANG_WARN_UNREACHABLE_CODE = YES;
				CLANG_WARN__DUPLICATE_METHOD_MATCH = YES;
				COPY_PHASE_STRIP = NO;
				DEBUG_INFORMATION_FORMAT = "dwarf-with-dsym";
				ENABLE_NS_ASSERTIONS = NO;
				ENABLE_STRICT_OBJC_MSGSEND = YES;
				GCC_C_LANGUAGE_STANDARD = gnu11;
				GCC_NO_COMMON_BLOCKS = YES;
				GCC_WARN_64_TO_32_BIT_CONVERSION = YES;
				GCC_WARN_ABOUT_RETURN_TYPE = YES_ERROR;
				GCC_WARN_UNDECLARED_SELECTOR = YES;
				GCC_WARN_UNINITIALIZED_AUTOS = YES_AGGRESSIVE;
				GCC_WARN_UNUSED_FUNCTION = YES;
				GCC_WARN_UNUSED_VARIABLE = YES;
				IPHONEOS_DEPLOYMENT_TARGET = 13.0;
				MTL_ENABLE_DEBUG_INFO = NO;
				MTL_FAST_MATH = YES;
				SDKROOT = iphoneos;
				VALIDATE_PRODUCT = YES;
			};
			name = Release;
		};
		7C8132C7270BB84500805B18 /* Debug */ = {
			isa = XCBuildConfiguration;
			baseConfigurationReference = 55EF8E697974219726C2A74A /* Pods-PushTestIOS.debug.xcconfig */;
			buildSettings = {
				ASSETCATALOG_COMPILER_APPICON_NAME = AppIcon;
				ASSETCATALOG_COMPILER_GLOBAL_ACCENT_COLOR_NAME = AccentColor;
				CODE_SIGN_ENTITLEMENTS = PushTestIOS/PushTestIOS.entitlements;
				CODE_SIGN_IDENTITY = "Apple Development: park dongjun (YSS3GR9Z5R)";
				CODE_SIGN_STYLE = Manual;
				CURRENT_PROJECT_VERSION = 1;
				DEVELOPMENT_TEAM = RXBUP6L48V;
				GENERATE_INFOPLIST_FILE = YES;
				INFOPLIST_FILE = PushTestIOS/Info.plist;
				INFOPLIST_KEY_UIApplicationSupportsIndirectInputEvents = YES;
				INFOPLIST_KEY_UILaunchStoryboardName = LaunchScreen;
				INFOPLIST_KEY_UIMainStoryboardFile = Main;
				INFOPLIST_KEY_UISupportedInterfaceOrientations_iPad = "UIInterfaceOrientationPortrait UIInterfaceOrientationPortraitUpsideDown UIInterfaceOrientationLandscapeLeft UIInterfaceOrientationLandscapeRight";
				INFOPLIST_KEY_UISupportedInterfaceOrientations_iPhone = "UIInterfaceOrientationPortrait UIInterfaceOrientationLandscapeLeft UIInterfaceOrientationLandscapeRight";
				LD_RUNPATH_SEARCH_PATHS = (
					"$(inherited)",
					"@executable_path/Frameworks",
				);
				MARKETING_VERSION = 1.0;
				PRODUCT_BUNDLE_IDENTIFIER = com.raon.sdk.zkp.sample;
				PRODUCT_NAME = "$(TARGET_NAME)";
				PROVISIONING_PROFILE_SPECIFIER = ZKP_PROVER_DEV_20211004;
				SWIFT_EMIT_LOC_STRINGS = YES;
				TARGETED_DEVICE_FAMILY = "1,2";
			};
			name = Debug;
		};
		7C8132C8270BB84500805B18 /* Release */ = {
			isa = XCBuildConfiguration;
			baseConfigurationReference = D0B6AAB396D8986229427708 /* Pods-PushTestIOS.release.xcconfig */;
			buildSettings = {
				ASSETCATALOG_COMPILER_APPICON_NAME = AppIcon;
				ASSETCATALOG_COMPILER_GLOBAL_ACCENT_COLOR_NAME = AccentColor;
				CODE_SIGN_ENTITLEMENTS = PushTestIOS/PushTestIOS.entitlements;
				CODE_SIGN_IDENTITY = "Apple Development";
				CODE_SIGN_STYLE = Automatic;
				CURRENT_PROJECT_VERSION = 1;
				DEVELOPMENT_TEAM = "";
				GENERATE_INFOPLIST_FILE = YES;
				INFOPLIST_FILE = PushTestIOS/Info.plist;
				INFOPLIST_KEY_UIApplicationSupportsIndirectInputEvents = YES;
				INFOPLIST_KEY_UILaunchStoryboardName = LaunchScreen;
				INFOPLIST_KEY_UIMainStoryboardFile = Main;
				INFOPLIST_KEY_UISupportedInterfaceOrientations_iPad = "UIInterfaceOrientationPortrait UIInterfaceOrientationPortraitUpsideDown UIInterfaceOrientationLandscapeLeft UIInterfaceOrientationLandscapeRight";
				INFOPLIST_KEY_UISupportedInterfaceOrientations_iPhone = "UIInterfaceOrientationPortrait UIInterfaceOrientationLandscapeLeft UIInterfaceOrientationLandscapeRight";
				LD_RUNPATH_SEARCH_PATHS = (
					"$(inherited)",
					"@executable_path/Frameworks",
				);
				MARKETING_VERSION = 1.0;
				PRODUCT_BUNDLE_IDENTIFIER = com.raon.sdk.zkp.sample;
				PRODUCT_NAME = "$(TARGET_NAME)";
				PROVISIONING_PROFILE_SPECIFIER = "";
				SWIFT_EMIT_LOC_STRINGS = YES;
				TARGETED_DEVICE_FAMILY = "1,2";
			};
			name = Release;
		};
		7C8132CA270BB84500805B18 /* Debug */ = {
			isa = XCBuildConfiguration;
			baseConfigurationReference = C521FDDFB311D75FE03A6698 /* Pods-PushTestIOSTests.debug.xcconfig */;
			buildSettings = {
				BUNDLE_LOADER = "$(TEST_HOST)";
				CODE_SIGN_STYLE = Automatic;
				CURRENT_PROJECT_VERSION = 1;
				DEVELOPMENT_TEAM = RXBUP6L48V;
				GENERATE_INFOPLIST_FILE = YES;
				IPHONEOS_DEPLOYMENT_TARGET = 15.0;
				LD_RUNPATH_SEARCH_PATHS = (
					"$(inherited)",
					"@executable_path/Frameworks",
					"@loader_path/Frameworks",
				);
				MARKETING_VERSION = 1.0;
				PRODUCT_BUNDLE_IDENTIFIER = com.raon.sdk.zkp.sample.PushTestIOSTests;
				PRODUCT_NAME = "$(TARGET_NAME)";
				SWIFT_EMIT_LOC_STRINGS = NO;
				TARGETED_DEVICE_FAMILY = "1,2";
				TEST_HOST = "$(BUILT_PRODUCTS_DIR)/PushTestIOS.app/PushTestIOS";
			};
			name = Debug;
		};
		7C8132CB270BB84500805B18 /* Release */ = {
			isa = XCBuildConfiguration;
			baseConfigurationReference = 2C0BEAD709A10B58ABA4E363 /* Pods-PushTestIOSTests.release.xcconfig */;
			buildSettings = {
				BUNDLE_LOADER = "$(TEST_HOST)";
				CODE_SIGN_STYLE = Automatic;
				CURRENT_PROJECT_VERSION = 1;
				DEVELOPMENT_TEAM = RXBUP6L48V;
				GENERATE_INFOPLIST_FILE = YES;
				IPHONEOS_DEPLOYMENT_TARGET = 15.0;
				LD_RUNPATH_SEARCH_PATHS = (
					"$(inherited)",
					"@executable_path/Frameworks",
					"@loader_path/Frameworks",
				);
				MARKETING_VERSION = 1.0;
				PRODUCT_BUNDLE_IDENTIFIER = com.raon.sdk.zkp.sample.PushTestIOSTests;
				PRODUCT_NAME = "$(TARGET_NAME)";
				SWIFT_EMIT_LOC_STRINGS = NO;
				TARGETED_DEVICE_FAMILY = "1,2";
				TEST_HOST = "$(BUILT_PRODUCTS_DIR)/PushTestIOS.app/PushTestIOS";
			};
			name = Release;
		};
		7C8132CD270BB84500805B18 /* Debug */ = {
			isa = XCBuildConfiguration;
			baseConfigurationReference = 6D4DAE6E497F4C0D59EE175A /* Pods-PushTestIOS-PushTestIOSUITests.debug.xcconfig */;
			buildSettings = {
				CODE_SIGN_STYLE = Automatic;
				CURRENT_PROJECT_VERSION = 1;
				DEVELOPMENT_TEAM = RXBUP6L48V;
				GENERATE_INFOPLIST_FILE = YES;
				LD_RUNPATH_SEARCH_PATHS = (
					"$(inherited)",
					"@executable_path/Frameworks",
					"@loader_path/Frameworks",
				);
				MARKETING_VERSION = 1.0;
				PRODUCT_BUNDLE_IDENTIFIER = com.raon.sdk.zkp.sample.PushTestIOSUITests;
				PRODUCT_NAME = "$(TARGET_NAME)";
				SWIFT_EMIT_LOC_STRINGS = NO;
				TARGETED_DEVICE_FAMILY = "1,2";
				TEST_TARGET_NAME = PushTestIOS;
			};
			name = Debug;
		};
		7C8132CE270BB84500805B18 /* Release */ = {
			isa = XCBuildConfiguration;
			baseConfigurationReference = 088CCDDF8A13D849B60C32D1 /* Pods-PushTestIOS-PushTestIOSUITests.release.xcconfig */;
			buildSettings = {
				CODE_SIGN_STYLE = Automatic;
				CURRENT_PROJECT_VERSION = 1;
				DEVELOPMENT_TEAM = RXBUP6L48V;
				GENERATE_INFOPLIST_FILE = YES;
				LD_RUNPATH_SEARCH_PATHS = (
					"$(inherited)",
					"@executable_path/Frameworks",
					"@loader_path/Frameworks",
				);
				MARKETING_VERSION = 1.0;
				PRODUCT_BUNDLE_IDENTIFIER = com.raon.sdk.zkp.sample.PushTestIOSUITests;
				PRODUCT_NAME = "$(TARGET_NAME)";
				SWIFT_EMIT_LOC_STRINGS = NO;
				TARGETED_DEVICE_FAMILY = "1,2";
				TEST_TARGET_NAME = PushTestIOS;
			};
			name = Release;
		};
/* End XCBuildConfiguration section */

/* Begin XCConfigurationList section */
		7C813292270BB84400805B18 /* Build configuration list for PBXProject "PushTestIOS" */ = {
			isa = XCConfigurationList;
			buildConfigurations = (
				7C8132C4270BB84500805B18 /* Debug */,
				7C8132C5270BB84500805B18 /* Release */,
			);
			defaultConfigurationIsVisible = 0;
			defaultConfigurationName = Release;
		};
		7C8132C6270BB84500805B18 /* Build configuration list for PBXNativeTarget "PushTestIOS" */ = {
			isa = XCConfigurationList;
			buildConfigurations = (
				7C8132C7270BB84500805B18 /* Debug */,
				7C8132C8270BB84500805B18 /* Release */,
			);
			defaultConfigurationIsVisible = 0;
			defaultConfigurationName = Release;
		};
		7C8132C9270BB84500805B18 /* Build configuration list for PBXNativeTarget "PushTestIOSTests" */ = {
			isa = XCConfigurationList;
			buildConfigurations = (
				7C8132CA270BB84500805B18 /* Debug */,
				7C8132CB270BB84500805B18 /* Release */,
			);
			defaultConfigurationIsVisible = 0;
			defaultConfigurationName = Release;
		};
		7C8132CC270BB84500805B18 /* Build configuration list for PBXNativeTarget "PushTestIOSUITests" */ = {
			isa = XCConfigurationList;
			buildConfigurations = (
				7C8132CD270BB84500805B18 /* Debug */,
				7C8132CE270BB84500805B18 /* Release */,
			);
			defaultConfigurationIsVisible = 0;
			defaultConfigurationName = Release;
		};
/* End XCConfigurationList section */
	};
	rootObject = 7C81328F270BB84400805B18 /* Project object */;
}
