// !$*UTF8*$!
{
	archiveVersion = 1;
	classes = {
	};
	objectVersion = 54;
	objects = {

/* Begin PBXBuildFile section */
		1BD71F7F27D6765A008E429B /* Repository.swift in Sources */ = {isa = PBXBuildFile; fileRef = 1BD71F7E27D6765A008E429B /* Repository.swift */; };
		1BD71F8127D677A3008E429B /* ServiceModel.swift in Sources */ = {isa = PBXBuildFile; fileRef = 1BD71F8027D677A3008E429B /* ServiceModel.swift */; };
		1BD71F8327D6798D008E429B /* Model.swift in Sources */ = {isa = PBXBuildFile; fileRef = 1BD71F8227D6798D008E429B /* Model.swift */; };
		1BD71F8527D679E2008E429B /* Service.swift in Sources */ = {isa = PBXBuildFile; fileRef = 1BD71F8427D679E2008E429B /* Service.swift */; };
		1BD71F8727D67A15008E429B /* ViewModel.swift in Sources */ = {isa = PBXBuildFile; fileRef = 1BD71F8627D67A15008E429B /* ViewModel.swift */; };
		2AC58700AD589C7EAE2E5311 /* Pods_AsyncTestTests.framework in Frameworks */ = {isa = PBXBuildFile; fileRef = FA695DC54548A6B93960B231 /* Pods_AsyncTestTests.framework */; };
		465B92F85F20832CA423A844 /* Pods_AsyncTest_AsyncTestUITests.framework in Frameworks */ = {isa = PBXBuildFile; fileRef = CC8B7F220FD6D9D791411D81 /* Pods_AsyncTest_AsyncTestUITests.framework */; };
		7C0AC49327D5EFC000636D3F /* SwiftUIView.swift in Sources */ = {isa = PBXBuildFile; fileRef = 7C0AC49227D5EFC000636D3F /* SwiftUIView.swift */; };
		7C98407127D1B98300CA1E28 /* AppDelegate.swift in Sources */ = {isa = PBXBuildFile; fileRef = 7C98407027D1B98300CA1E28 /* AppDelegate.swift */; };
		7C98407327D1B98300CA1E28 /* SceneDelegate.swift in Sources */ = {isa = PBXBuildFile; fileRef = 7C98407227D1B98300CA1E28 /* SceneDelegate.swift */; };
		7C98407527D1B98300CA1E28 /* ViewController.swift in Sources */ = {isa = PBXBuildFile; fileRef = 7C98407427D1B98300CA1E28 /* ViewController.swift */; };
		7C98407827D1B98300CA1E28 /* Main.storyboard in Resources */ = {isa = PBXBuildFile; fileRef = 7C98407627D1B98300CA1E28 /* Main.storyboard */; };
		7C98407A27D1B98500CA1E28 /* Assets.xcassets in Resources */ = {isa = PBXBuildFile; fileRef = 7C98407927D1B98500CA1E28 /* Assets.xcassets */; };
		7C98407D27D1B98500CA1E28 /* LaunchScreen.storyboard in Resources */ = {isa = PBXBuildFile; fileRef = 7C98407B27D1B98500CA1E28 /* LaunchScreen.storyboard */; };
		7C98408827D1B98500CA1E28 /* AsyncTestTests.swift in Sources */ = {isa = PBXBuildFile; fileRef = 7C98408727D1B98500CA1E28 /* AsyncTestTests.swift */; };
		7C98409227D1B98500CA1E28 /* AsyncTestUITests.swift in Sources */ = {isa = PBXBuildFile; fileRef = 7C98409127D1B98500CA1E28 /* AsyncTestUITests.swift */; };
		7C98409427D1B98500CA1E28 /* AsyncTestUITestsLaunchTests.swift in Sources */ = {isa = PBXBuildFile; fileRef = 7C98409327D1B98500CA1E28 /* AsyncTestUITestsLaunchTests.swift */; };
		7CB6533227DB43FC0060C9FE /* Localizable.strings in Resources */ = {isa = PBXBuildFile; fileRef = 7CB6533427DB43FC0060C9FE /* Localizable.strings */; };
		C3CD5F1766CEBF4B2AE888B7 /* Pods_AsyncTest.framework in Frameworks */ = {isa = PBXBuildFile; fileRef = 20349C5D1EDC4CCB75974B90 /* Pods_AsyncTest.framework */; };
/* End PBXBuildFile section */

/* Begin PBXContainerItemProxy section */
		7C98408427D1B98500CA1E28 /* PBXContainerItemProxy */ = {
			isa = PBXContainerItemProxy;
			containerPortal = 7C98406527D1B98300CA1E28 /* Project object */;
			proxyType = 1;
			remoteGlobalIDString = 7C98406C27D1B98300CA1E28;
			remoteInfo = AsyncTest;
		};
		7C98408E27D1B98500CA1E28 /* PBXContainerItemProxy */ = {
			isa = PBXContainerItemProxy;
			containerPortal = 7C98406527D1B98300CA1E28 /* Project object */;
			proxyType = 1;
			remoteGlobalIDString = 7C98406C27D1B98300CA1E28;
			remoteInfo = AsyncTest;
		};
/* End PBXContainerItemProxy section */

/* Begin PBXFileReference section */
		12EA954B8DFD68CF347FB9C6 /* Pods-AsyncTestTests.release.xcconfig */ = {isa = PBXFileReference; includeInIndex = 1; lastKnownFileType = text.xcconfig; name = "Pods-AsyncTestTests.release.xcconfig"; path = "Target Support Files/Pods-AsyncTestTests/Pods-AsyncTestTests.release.xcconfig"; sourceTree = "<group>"; };
		16EC7BBFBA3F9150E3BABF9D /* Pods-AsyncTest-AsyncTestUITests.debug.xcconfig */ = {isa = PBXFileReference; includeInIndex = 1; lastKnownFileType = text.xcconfig; name = "Pods-AsyncTest-AsyncTestUITests.debug.xcconfig"; path = "Target Support Files/Pods-AsyncTest-AsyncTestUITests/Pods-AsyncTest-AsyncTestUITests.debug.xcconfig"; sourceTree = "<group>"; };
		1BD71F7E27D6765A008E429B /* Repository.swift */ = {isa = PBXFileReference; lastKnownFileType = sourcecode.swift; path = Repository.swift; sourceTree = "<group>"; };
		1BD71F8027D677A3008E429B /* ServiceModel.swift */ = {isa = PBXFileReference; lastKnownFileType = sourcecode.swift; path = ServiceModel.swift; sourceTree = "<group>"; };
		1BD71F8227D6798D008E429B /* Model.swift */ = {isa = PBXFileReference; lastKnownFileType = sourcecode.swift; path = Model.swift; sourceTree = "<group>"; };
		1BD71F8427D679E2008E429B /* Service.swift */ = {isa = PBXFileReference; lastKnownFileType = sourcecode.swift; path = Service.swift; sourceTree = "<group>"; };
		1BD71F8627D67A15008E429B /* ViewModel.swift */ = {isa = PBXFileReference; lastKnownFileType = sourcecode.swift; path = ViewModel.swift; sourceTree = "<group>"; };
		20349C5D1EDC4CCB75974B90 /* Pods_AsyncTest.framework */ = {isa = PBXFileReference; explicitFileType = wrapper.framework; includeInIndex = 0; path = Pods_AsyncTest.framework; sourceTree = BUILT_PRODUCTS_DIR; };
		7C0AC49227D5EFC000636D3F /* SwiftUIView.swift */ = {isa = PBXFileReference; lastKnownFileType = sourcecode.swift; path = SwiftUIView.swift; sourceTree = "<group>"; };
		7C98406D27D1B98300CA1E28 /* AsyncTest.app */ = {isa = PBXFileReference; explicitFileType = wrapper.application; includeInIndex = 0; path = AsyncTest.app; sourceTree = BUILT_PRODUCTS_DIR; };
		7C98407027D1B98300CA1E28 /* AppDelegate.swift */ = {isa = PBXFileReference; lastKnownFileType = sourcecode.swift; path = AppDelegate.swift; sourceTree = "<group>"; };
		7C98407227D1B98300CA1E28 /* SceneDelegate.swift */ = {isa = PBXFileReference; lastKnownFileType = sourcecode.swift; path = SceneDelegate.swift; sourceTree = "<group>"; };
		7C98407427D1B98300CA1E28 /* ViewController.swift */ = {isa = PBXFileReference; lastKnownFileType = sourcecode.swift; path = ViewController.swift; sourceTree = "<group>"; };
		7C98407727D1B98300CA1E28 /* Base */ = {isa = PBXFileReference; lastKnownFileType = file.storyboard; name = Base; path = Base.lproj/Main.storyboard; sourceTree = "<group>"; };
		7C98407927D1B98500CA1E28 /* Assets.xcassets */ = {isa = PBXFileReference; lastKnownFileType = folder.assetcatalog; path = Assets.xcassets; sourceTree = "<group>"; };
		7C98407C27D1B98500CA1E28 /* Base */ = {isa = PBXFileReference; lastKnownFileType = file.storyboard; name = Base; path = Base.lproj/LaunchScreen.storyboard; sourceTree = "<group>"; };
		7C98407E27D1B98500CA1E28 /* Info.plist */ = {isa = PBXFileReference; lastKnownFileType = text.plist.xml; path = Info.plist; sourceTree = "<group>"; };
		7C98408327D1B98500CA1E28 /* AsyncTestTests.xctest */ = {isa = PBXFileReference; explicitFileType = wrapper.cfbundle; includeInIndex = 0; path = AsyncTestTests.xctest; sourceTree = BUILT_PRODUCTS_DIR; };
		7C98408727D1B98500CA1E28 /* AsyncTestTests.swift */ = {isa = PBXFileReference; lastKnownFileType = sourcecode.swift; path = AsyncTestTests.swift; sourceTree = "<group>"; };
		7C98408D27D1B98500CA1E28 /* AsyncTestUITests.xctest */ = {isa = PBXFileReference; explicitFileType = wrapper.cfbundle; includeInIndex = 0; path = AsyncTestUITests.xctest; sourceTree = BUILT_PRODUCTS_DIR; };
		7C98409127D1B98500CA1E28 /* AsyncTestUITests.swift */ = {isa = PBXFileReference; lastKnownFileType = sourcecode.swift; path = AsyncTestUITests.swift; sourceTree = "<group>"; };
		7C98409327D1B98500CA1E28 /* AsyncTestUITestsLaunchTests.swift */ = {isa = PBXFileReference; lastKnownFileType = sourcecode.swift; path = AsyncTestUITestsLaunchTests.swift; sourceTree = "<group>"; };
		7CB6533327DB43FC0060C9FE /* en */ = {isa = PBXFileReference; lastKnownFileType = text.plist.strings; name = en; path = en.lproj/Localizable.strings; sourceTree = "<group>"; };
		7CB6533527DB44100060C9FE /* ko */ = {isa = PBXFileReference; lastKnownFileType = text.plist.strings; name = ko; path = ko.lproj/Main.strings; sourceTree = "<group>"; };
		7CB6533627DB44110060C9FE /* ko */ = {isa = PBXFileReference; lastKnownFileType = text.plist.strings; name = ko; path = ko.lproj/LaunchScreen.strings; sourceTree = "<group>"; };
		7CB6533727DB44110060C9FE /* ko */ = {isa = PBXFileReference; lastKnownFileType = text.plist.strings; name = ko; path = ko.lproj/Localizable.strings; sourceTree = "<group>"; };
		7CB6533927DB46D40060C9FE /* en */ = {isa = PBXFileReference; lastKnownFileType = text.plist.strings; name = en; path = en.lproj/Main.strings; sourceTree = "<group>"; };
		8F954B562FD2BE839AC02733 /* Pods-AsyncTest-AsyncTestUITests.release.xcconfig */ = {isa = PBXFileReference; includeInIndex = 1; lastKnownFileType = text.xcconfig; name = "Pods-AsyncTest-AsyncTestUITests.release.xcconfig"; path = "Target Support Files/Pods-AsyncTest-AsyncTestUITests/Pods-AsyncTest-AsyncTestUITests.release.xcconfig"; sourceTree = "<group>"; };
		AC530052785B561016C90CB7 /* Pods-AsyncTestTests.debug.xcconfig */ = {isa = PBXFileReference; includeInIndex = 1; lastKnownFileType = text.xcconfig; name = "Pods-AsyncTestTests.debug.xcconfig"; path = "Target Support Files/Pods-AsyncTestTests/Pods-AsyncTestTests.debug.xcconfig"; sourceTree = "<group>"; };
		BED4FEADDE4E3A9C3510F6B7 /* Pods-AsyncTest.debug.xcconfig */ = {isa = PBXFileReference; includeInIndex = 1; lastKnownFileType = text.xcconfig; name = "Pods-AsyncTest.debug.xcconfig"; path = "Target Support Files/Pods-AsyncTest/Pods-AsyncTest.debug.xcconfig"; sourceTree = "<group>"; };
		C8E62DCED5F93AD2D2FBE9C4 /* Pods-AsyncTest.release.xcconfig */ = {isa = PBXFileReference; includeInIndex = 1; lastKnownFileType = text.xcconfig; name = "Pods-AsyncTest.release.xcconfig"; path = "Target Support Files/Pods-AsyncTest/Pods-AsyncTest.release.xcconfig"; sourceTree = "<group>"; };
		CC8B7F220FD6D9D791411D81 /* Pods_AsyncTest_AsyncTestUITests.framework */ = {isa = PBXFileReference; explicitFileType = wrapper.framework; includeInIndex = 0; path = Pods_AsyncTest_AsyncTestUITests.framework; sourceTree = BUILT_PRODUCTS_DIR; };
		FA695DC54548A6B93960B231 /* Pods_AsyncTestTests.framework */ = {isa = PBXFileReference; explicitFileType = wrapper.framework; includeInIndex = 0; path = Pods_AsyncTestTests.framework; sourceTree = BUILT_PRODUCTS_DIR; };
/* End PBXFileReference section */

/* Begin PBXFrameworksBuildPhase section */
		7C98406A27D1B98300CA1E28 /* Frameworks */ = {
			isa = PBXFrameworksBuildPhase;
			buildActionMask = 2147483647;
			files = (
				C3CD5F1766CEBF4B2AE888B7 /* Pods_AsyncTest.framework in Frameworks */,
			);
			runOnlyForDeploymentPostprocessing = 0;
		};
		7C98408027D1B98500CA1E28 /* Frameworks */ = {
			isa = PBXFrameworksBuildPhase;
			buildActionMask = 2147483647;
			files = (
				2AC58700AD589C7EAE2E5311 /* Pods_AsyncTestTests.framework in Frameworks */,
			);
			runOnlyForDeploymentPostprocessing = 0;
		};
		7C98408A27D1B98500CA1E28 /* Frameworks */ = {
			isa = PBXFrameworksBuildPhase;
			buildActionMask = 2147483647;
			files = (
				465B92F85F20832CA423A844 /* Pods_AsyncTest_AsyncTestUITests.framework in Frameworks */,
			);
			runOnlyForDeploymentPostprocessing = 0;
		};
/* End PBXFrameworksBuildPhase section */

/* Begin PBXGroup section */
		1BD71F7D27D67648008E429B /* MVVM */ = {
			isa = PBXGroup;
			children = (
				1BD71F7E27D6765A008E429B /* Repository.swift */,
				1BD71F8027D677A3008E429B /* ServiceModel.swift */,
				1BD71F8227D6798D008E429B /* Model.swift */,
				1BD71F8427D679E2008E429B /* Service.swift */,
				1BD71F8627D67A15008E429B /* ViewModel.swift */,
			);
			path = MVVM;
			sourceTree = "<group>";
		};
		7100D879A320E66528BC2C67 /* Pods */ = {
			isa = PBXGroup;
			children = (
				BED4FEADDE4E3A9C3510F6B7 /* Pods-AsyncTest.debug.xcconfig */,
				C8E62DCED5F93AD2D2FBE9C4 /* Pods-AsyncTest.release.xcconfig */,
				16EC7BBFBA3F9150E3BABF9D /* Pods-AsyncTest-AsyncTestUITests.debug.xcconfig */,
				8F954B562FD2BE839AC02733 /* Pods-AsyncTest-AsyncTestUITests.release.xcconfig */,
				AC530052785B561016C90CB7 /* Pods-AsyncTestTests.debug.xcconfig */,
				12EA954B8DFD68CF347FB9C6 /* Pods-AsyncTestTests.release.xcconfig */,
			);
			path = Pods;
			sourceTree = "<group>";
		};
		7C98406427D1B98300CA1E28 = {
			isa = PBXGroup;
			children = (
				7C98406F27D1B98300CA1E28 /* AsyncTest */,
				7C98408627D1B98500CA1E28 /* AsyncTestTests */,
				7C98409027D1B98500CA1E28 /* AsyncTestUITests */,
				7C98406E27D1B98300CA1E28 /* Products */,
				7100D879A320E66528BC2C67 /* Pods */,
				CB6A31FB573781C8398B4154 /* Frameworks */,
			);
			sourceTree = "<group>";
		};
		7C98406E27D1B98300CA1E28 /* Products */ = {
			isa = PBXGroup;
			children = (
				7C98406D27D1B98300CA1E28 /* AsyncTest.app */,
				7C98408327D1B98500CA1E28 /* AsyncTestTests.xctest */,
				7C98408D27D1B98500CA1E28 /* AsyncTestUITests.xctest */,
			);
			name = Products;
			sourceTree = "<group>";
		};
		7C98406F27D1B98300CA1E28 /* AsyncTest */ = {
			isa = PBXGroup;
			children = (
				1BD71F7D27D67648008E429B /* MVVM */,
				7C98407027D1B98300CA1E28 /* AppDelegate.swift */,
				7C98407227D1B98300CA1E28 /* SceneDelegate.swift */,
				7C98407427D1B98300CA1E28 /* ViewController.swift */,
				7C98407627D1B98300CA1E28 /* Main.storyboard */,
				7C98407927D1B98500CA1E28 /* Assets.xcassets */,
				7C98407B27D1B98500CA1E28 /* LaunchScreen.storyboard */,
				7C98407E27D1B98500CA1E28 /* Info.plist */,
				7C0AC49227D5EFC000636D3F /* SwiftUIView.swift */,
				7CB6533427DB43FC0060C9FE /* Localizable.strings */,
			);
			path = AsyncTest;
			sourceTree = "<group>";
		};
		7C98408627D1B98500CA1E28 /* AsyncTestTests */ = {
			isa = PBXGroup;
			children = (
				7C98408727D1B98500CA1E28 /* AsyncTestTests.swift */,
			);
			path = AsyncTestTests;
			sourceTree = "<group>";
		};
		7C98409027D1B98500CA1E28 /* AsyncTestUITests */ = {
			isa = PBXGroup;
			children = (
				7C98409127D1B98500CA1E28 /* AsyncTestUITests.swift */,
				7C98409327D1B98500CA1E28 /* AsyncTestUITestsLaunchTests.swift */,
			);
			path = AsyncTestUITests;
			sourceTree = "<group>";
		};
		CB6A31FB573781C8398B4154 /* Frameworks */ = {
			isa = PBXGroup;
			children = (
				20349C5D1EDC4CCB75974B90 /* Pods_AsyncTest.framework */,
				CC8B7F220FD6D9D791411D81 /* Pods_AsyncTest_AsyncTestUITests.framework */,
				FA695DC54548A6B93960B231 /* Pods_AsyncTestTests.framework */,
			);
			name = Frameworks;
			sourceTree = "<group>";
		};
/* End PBXGroup section */

/* Begin PBXNativeTarget section */
		7C98406C27D1B98300CA1E28 /* AsyncTest */ = {
			isa = PBXNativeTarget;
			buildConfigurationList = 7C98409727D1B98500CA1E28 /* Build configuration list for PBXNativeTarget "AsyncTest" */;
			buildPhases = (
				71554B2B48626E47A4EE3CDC /* [CP] Check Pods Manifest.lock */,
				7C98406927D1B98300CA1E28 /* Sources */,
				7C98406A27D1B98300CA1E28 /* Frameworks */,
				7C98406B27D1B98300CA1E28 /* Resources */,
				CF25E3F383029145786B16C1 /* [CP] Embed Pods Frameworks */,
			);
			buildRules = (
			);
			dependencies = (
			);
			name = AsyncTest;
			productName = AsyncTest;
			productReference = 7C98406D27D1B98300CA1E28 /* AsyncTest.app */;
			productType = "com.apple.product-type.application";
		};
		7C98408227D1B98500CA1E28 /* AsyncTestTests */ = {
			isa = PBXNativeTarget;
			buildConfigurationList = 7C98409A27D1B98500CA1E28 /* Build configuration list for PBXNativeTarget "AsyncTestTests" */;
			buildPhases = (
				9312ACC0E27CC0A1207659B1 /* [CP] Check Pods Manifest.lock */,
				7C98407F27D1B98500CA1E28 /* Sources */,
				7C98408027D1B98500CA1E28 /* Frameworks */,
				7C98408127D1B98500CA1E28 /* Resources */,
			);
			buildRules = (
			);
			dependencies = (
				7C98408527D1B98500CA1E28 /* PBXTargetDependency */,
			);
			name = AsyncTestTests;
			productName = AsyncTestTests;
			productReference = 7C98408327D1B98500CA1E28 /* AsyncTestTests.xctest */;
			productType = "com.apple.product-type.bundle.unit-test";
		};
		7C98408C27D1B98500CA1E28 /* AsyncTestUITests */ = {
			isa = PBXNativeTarget;
			buildConfigurationList = 7C98409D27D1B98500CA1E28 /* Build configuration list for PBXNativeTarget "AsyncTestUITests" */;
			buildPhases = (
				2F5FB6E247C8665BAB015F7F /* [CP] Check Pods Manifest.lock */,
				7C98408927D1B98500CA1E28 /* Sources */,
				7C98408A27D1B98500CA1E28 /* Frameworks */,
				7C98408B27D1B98500CA1E28 /* Resources */,
				C55AF2C2343A19B028DA23FD /* [CP] Embed Pods Frameworks */,
			);
			buildRules = (
			);
			dependencies = (
				7C98408F27D1B98500CA1E28 /* PBXTargetDependency */,
			);
			name = AsyncTestUITests;
			productName = AsyncTestUITests;
			productReference = 7C98408D27D1B98500CA1E28 /* AsyncTestUITests.xctest */;
			productType = "com.apple.product-type.bundle.ui-testing";
		};
/* End PBXNativeTarget section */

/* Begin PBXProject section */
		7C98406527D1B98300CA1E28 /* Project object */ = {
			isa = PBXProject;
			attributes = {
				BuildIndependentTargetsInParallel = 1;
				LastSwiftUpdateCheck = 1300;
				LastUpgradeCheck = 1300;
				TargetAttributes = {
					7C98406C27D1B98300CA1E28 = {
						CreatedOnToolsVersion = 13.0;
					};
					7C98408227D1B98500CA1E28 = {
						CreatedOnToolsVersion = 13.0;
						TestTargetID = 7C98406C27D1B98300CA1E28;
					};
					7C98408C27D1B98500CA1E28 = {
						CreatedOnToolsVersion = 13.0;
						TestTargetID = 7C98406C27D1B98300CA1E28;
					};
				};
			};
			buildConfigurationList = 7C98406827D1B98300CA1E28 /* Build configuration list for PBXProject "AsyncTest" */;
			compatibilityVersion = "Xcode 12.0";
			developmentRegion = en;
			hasScannedForEncodings = 0;
			knownRegions = (
				en,
				Base,
				ko,
			);
			mainGroup = 7C98406427D1B98300CA1E28;
			productRefGroup = 7C98406E27D1B98300CA1E28 /* Products */;
			projectDirPath = "";
			projectRoot = "";
			targets = (
				7C98406C27D1B98300CA1E28 /* AsyncTest */,
				7C98408227D1B98500CA1E28 /* AsyncTestTests */,
				7C98408C27D1B98500CA1E28 /* AsyncTestUITests */,
			);
		};
/* End PBXProject section */

/* Begin PBXResourcesBuildPhase section */
		7C98406B27D1B98300CA1E28 /* Resources */ = {
			isa = PBXResourcesBuildPhase;
			buildActionMask = 2147483647;
			files = (
				7C98407D27D1B98500CA1E28 /* LaunchScreen.storyboard in Resources */,
				7CB6533227DB43FC0060C9FE /* Localizable.strings in Resources */,
				7C98407A27D1B98500CA1E28 /* Assets.xcassets in Resources */,
				7C98407827D1B98300CA1E28 /* Main.storyboard in Resources */,
			);
			runOnlyForDeploymentPostprocessing = 0;
		};
		7C98408127D1B98500CA1E28 /* Resources */ = {
			isa = PBXResourcesBuildPhase;
			buildActionMask = 2147483647;
			files = (
			);
			runOnlyForDeploymentPostprocessing = 0;
		};
		7C98408B27D1B98500CA1E28 /* Resources */ = {
			isa = PBXResourcesBuildPhase;
			buildActionMask = 2147483647;
			files = (
			);
			runOnlyForDeploymentPostprocessing = 0;
		};
/* End PBXResourcesBuildPhase section */

/* Begin PBXShellScriptBuildPhase section */
		2F5FB6E247C8665BAB015F7F /* [CP] Check Pods Manifest.lock */ = {
			isa = PBXShellScriptBuildPhase;
			buildActionMask = 2147483647;
			files = (
			);
			inputFileListPaths = (
			);
			inputPaths = (
				"${PODS_PODFILE_DIR_PATH}/Podfile.lock",
				"${PODS_ROOT}/Manifest.lock",
			);
			name = "[CP] Check Pods Manifest.lock";
			outputFileListPaths = (
			);
			outputPaths = (
				"$(DERIVED_FILE_DIR)/Pods-AsyncTest-AsyncTestUITests-checkManifestLockResult.txt",
			);
			runOnlyForDeploymentPostprocessing = 0;
			shellPath = /bin/sh;
			shellScript = "diff \"${PODS_PODFILE_DIR_PATH}/Podfile.lock\" \"${PODS_ROOT}/Manifest.lock\" > /dev/null\nif [ $? != 0 ] ; then\n    # print error to STDERR\n    echo \"error: The sandbox is not in sync with the Podfile.lock. Run 'pod install' or update your CocoaPods installation.\" >&2\n    exit 1\nfi\n# This output is used by Xcode 'outputs' to avoid re-running this script phase.\necho \"SUCCESS\" > \"${SCRIPT_OUTPUT_FILE_0}\"\n";
			showEnvVarsInLog = 0;
		};
		71554B2B48626E47A4EE3CDC /* [CP] Check Pods Manifest.lock */ = {
			isa = PBXShellScriptBuildPhase;
			buildActionMask = 2147483647;
			files = (
			);
			inputFileListPaths = (
			);
			inputPaths = (
				"${PODS_PODFILE_DIR_PATH}/Podfile.lock",
				"${PODS_ROOT}/Manifest.lock",
			);
			name = "[CP] Check Pods Manifest.lock";
			outputFileListPaths = (
			);
			outputPaths = (
				"$(DERIVED_FILE_DIR)/Pods-AsyncTest-checkManifestLockResult.txt",
			);
			runOnlyForDeploymentPostprocessing = 0;
			shellPath = /bin/sh;
			shellScript = "diff \"${PODS_PODFILE_DIR_PATH}/Podfile.lock\" \"${PODS_ROOT}/Manifest.lock\" > /dev/null\nif [ $? != 0 ] ; then\n    # print error to STDERR\n    echo \"error: The sandbox is not in sync with the Podfile.lock. Run 'pod install' or update your CocoaPods installation.\" >&2\n    exit 1\nfi\n# This output is used by Xcode 'outputs' to avoid re-running this script phase.\necho \"SUCCESS\" > \"${SCRIPT_OUTPUT_FILE_0}\"\n";
			showEnvVarsInLog = 0;
		};
		9312ACC0E27CC0A1207659B1 /* [CP] Check Pods Manifest.lock */ = {
			isa = PBXShellScriptBuildPhase;
			buildActionMask = 2147483647;
			files = (
			);
			inputFileListPaths = (
			);
			inputPaths = (
				"${PODS_PODFILE_DIR_PATH}/Podfile.lock",
				"${PODS_ROOT}/Manifest.lock",
			);
			name = "[CP] Check Pods Manifest.lock";
			outputFileListPaths = (
			);
			outputPaths = (
				"$(DERIVED_FILE_DIR)/Pods-AsyncTestTests-checkManifestLockResult.txt",
			);
			runOnlyForDeploymentPostprocessing = 0;
			shellPath = /bin/sh;
			shellScript = "diff \"${PODS_PODFILE_DIR_PATH}/Podfile.lock\" \"${PODS_ROOT}/Manifest.lock\" > /dev/null\nif [ $? != 0 ] ; then\n    # print error to STDERR\n    echo \"error: The sandbox is not in sync with the Podfile.lock. Run 'pod install' or update your CocoaPods installation.\" >&2\n    exit 1\nfi\n# This output is used by Xcode 'outputs' to avoid re-running this script phase.\necho \"SUCCESS\" > \"${SCRIPT_OUTPUT_FILE_0}\"\n";
			showEnvVarsInLog = 0;
		};
		C55AF2C2343A19B028DA23FD /* [CP] Embed Pods Frameworks */ = {
			isa = PBXShellScriptBuildPhase;
			buildActionMask = 2147483647;
			files = (
			);
			inputFileListPaths = (
				"${PODS_ROOT}/Target Support Files/Pods-AsyncTest-AsyncTestUITests/Pods-AsyncTest-AsyncTestUITests-frameworks-${CONFIGURATION}-input-files.xcfilelist",
			);
			name = "[CP] Embed Pods Frameworks";
			outputFileListPaths = (
				"${PODS_ROOT}/Target Support Files/Pods-AsyncTest-AsyncTestUITests/Pods-AsyncTest-AsyncTestUITests-frameworks-${CONFIGURATION}-output-files.xcfilelist",
			);
			runOnlyForDeploymentPostprocessing = 0;
			shellPath = /bin/sh;
			shellScript = "\"${PODS_ROOT}/Target Support Files/Pods-AsyncTest-AsyncTestUITests/Pods-AsyncTest-AsyncTestUITests-frameworks.sh\"\n";
			showEnvVarsInLog = 0;
		};
		CF25E3F383029145786B16C1 /* [CP] Embed Pods Frameworks */ = {
			isa = PBXShellScriptBuildPhase;
			buildActionMask = 2147483647;
			files = (
			);
			inputFileListPaths = (
				"${PODS_ROOT}/Target Support Files/Pods-AsyncTest/Pods-AsyncTest-frameworks-${CONFIGURATION}-input-files.xcfilelist",
			);
			name = "[CP] Embed Pods Frameworks";
			outputFileListPaths = (
				"${PODS_ROOT}/Target Support Files/Pods-AsyncTest/Pods-AsyncTest-frameworks-${CONFIGURATION}-output-files.xcfilelist",
			);
			runOnlyForDeploymentPostprocessing = 0;
			shellPath = /bin/sh;
			shellScript = "\"${PODS_ROOT}/Target Support Files/Pods-AsyncTest/Pods-AsyncTest-frameworks.sh\"\n";
			showEnvVarsInLog = 0;
		};
/* End PBXShellScriptBuildPhase section */

/* Begin PBXSourcesBuildPhase section */
		7C98406927D1B98300CA1E28 /* Sources */ = {
			isa = PBXSourcesBuildPhase;
			buildActionMask = 2147483647;
			files = (
				1BD71F8327D6798D008E429B /* Model.swift in Sources */,
				1BD71F8727D67A15008E429B /* ViewModel.swift in Sources */,
				1BD71F8527D679E2008E429B /* Service.swift in Sources */,
				7C98407527D1B98300CA1E28 /* ViewController.swift in Sources */,
				7C98407127D1B98300CA1E28 /* AppDelegate.swift in Sources */,
				1BD71F7F27D6765A008E429B /* Repository.swift in Sources */,
				1BD71F8127D677A3008E429B /* ServiceModel.swift in Sources */,
				7C0AC49327D5EFC000636D3F /* SwiftUIView.swift in Sources */,
				7C98407327D1B98300CA1E28 /* SceneDelegate.swift in Sources */,
			);
			runOnlyForDeploymentPostprocessing = 0;
		};
		7C98407F27D1B98500CA1E28 /* Sources */ = {
			isa = PBXSourcesBuildPhase;
			buildActionMask = 2147483647;
			files = (
				7C98408827D1B98500CA1E28 /* AsyncTestTests.swift in Sources */,
			);
			runOnlyForDeploymentPostprocessing = 0;
		};
		7C98408927D1B98500CA1E28 /* Sources */ = {
			isa = PBXSourcesBuildPhase;
			buildActionMask = 2147483647;
			files = (
				7C98409227D1B98500CA1E28 /* AsyncTestUITests.swift in Sources */,
				7C98409427D1B98500CA1E28 /* AsyncTestUITestsLaunchTests.swift in Sources */,
			);
			runOnlyForDeploymentPostprocessing = 0;
		};
/* End PBXSourcesBuildPhase section */

/* Begin PBXTargetDependency section */
		7C98408527D1B98500CA1E28 /* PBXTargetDependency */ = {
			isa = PBXTargetDependency;
			target = 7C98406C27D1B98300CA1E28 /* AsyncTest */;
			targetProxy = 7C98408427D1B98500CA1E28 /* PBXContainerItemProxy */;
		};
		7C98408F27D1B98500CA1E28 /* PBXTargetDependency */ = {
			isa = PBXTargetDependency;
			target = 7C98406C27D1B98300CA1E28 /* AsyncTest */;
			targetProxy = 7C98408E27D1B98500CA1E28 /* PBXContainerItemProxy */;
		};
/* End PBXTargetDependency section */

/* Begin PBXVariantGroup section */
		7C98407627D1B98300CA1E28 /* Main.storyboard */ = {
			isa = PBXVariantGroup;
			children = (
				7C98407727D1B98300CA1E28 /* Base */,
				7CB6533527DB44100060C9FE /* ko */,
				7CB6533927DB46D40060C9FE /* en */,
			);
			name = Main.storyboard;
			sourceTree = "<group>";
		};
		7C98407B27D1B98500CA1E28 /* LaunchScreen.storyboard */ = {
			isa = PBXVariantGroup;
			children = (
				7C98407C27D1B98500CA1E28 /* Base */,
				7CB6533627DB44110060C9FE /* ko */,
			);
			name = LaunchScreen.storyboard;
			sourceTree = "<group>";
		};
		7CB6533427DB43FC0060C9FE /* Localizable.strings */ = {
			isa = PBXVariantGroup;
			children = (
				7CB6533327DB43FC0060C9FE /* en */,
				7CB6533727DB44110060C9FE /* ko */,
			);
			name = Localizable.strings;
			sourceTree = "<group>";
		};
/* End PBXVariantGroup section */

/* Begin XCBuildConfiguration section */
		7C98409527D1B98500CA1E28 /* Debug */ = {
			isa = XCBuildConfiguration;
			buildSettings = {
				ALWAYS_SEARCH_USER_PATHS = NO;
				CLANG_ANALYZER_LOCALIZABILITY_NONLOCALIZED = YES;
				CLANG_ANALYZER_NONNULL = YES;
				CLANG_ANALYZER_NUMBER_OBJECT_CONVERSION = YES_AGGRESSIVE;
				CLANG_CXX_LANGUAGE_STANDARD = "gnu++17";
				CLANG_CXX_LIBRARY = "libc++";
				CLANG_ENABLE_MODULES = YES;
				CLANG_ENABLE_OBJC_ARC = YES;
				CLANG_ENABLE_OBJC_WEAK = YES;
				CLANG_WARN_BLOCK_CAPTURE_AUTORELEASING = YES;
				CLANG_WARN_BOOL_CONVERSION = YES;
				CLANG_WARN_COMMA = YES;
				CLANG_WARN_CONSTANT_CONVERSION = YES;
				CLANG_WARN_DEPRECATED_OBJC_IMPLEMENTATIONS = YES;
				CLANG_WARN_DIRECT_OBJC_ISA_USAGE = YES_ERROR;
				CLANG_WARN_DOCUMENTATION_COMMENTS = YES;
				CLANG_WARN_EMPTY_BODY = YES;
				CLANG_WARN_ENUM_CONVERSION = YES;
				CLANG_WARN_INFINITE_RECURSION = YES;
				CLANG_WARN_INT_CONVERSION = YES;
				CLANG_WARN_NON_LITERAL_NULL_CONVERSION = YES;
				CLANG_WARN_OBJC_IMPLICIT_RETAIN_SELF = YES;
				CLANG_WARN_OBJC_LITERAL_CONVERSION = YES;
				CLANG_WARN_OBJC_ROOT_CLASS = YES_ERROR;
				CLANG_WARN_QUOTED_INCLUDE_IN_FRAMEWORK_HEADER = YES;
				CLANG_WARN_RANGE_LOOP_ANALYSIS = YES;
				CLANG_WARN_STRICT_PROTOTYPES = YES;
				CLANG_WARN_SUSPICIOUS_MOVE = YES;
				CLANG_WARN_UNGUARDED_AVAILABILITY = YES_AGGRESSIVE;
				CLANG_WARN_UNREACHABLE_CODE = YES;
				CLANG_WARN__DUPLICATE_METHOD_MATCH = YES;
				COPY_PHASE_STRIP = NO;
				DEBUG_INFORMATION_FORMAT = dwarf;
				ENABLE_STRICT_OBJC_MSGSEND = YES;
				ENABLE_TESTABILITY = YES;
				GCC_C_LANGUAGE_STANDARD = gnu11;
				GCC_DYNAMIC_NO_PIC = NO;
				GCC_NO_COMMON_BLOCKS = YES;
				GCC_OPTIMIZATION_LEVEL = 0;
				GCC_PREPROCESSOR_DEFINITIONS = (
					"DEBUG=1",
					"$(inherited)",
				);
				GCC_WARN_64_TO_32_BIT_CONVERSION = YES;
				GCC_WARN_ABOUT_RETURN_TYPE = YES_ERROR;
				GCC_WARN_UNDECLARED_SELECTOR = YES;
				GCC_WARN_UNINITIALIZED_AUTOS = YES_AGGRESSIVE;
				GCC_WARN_UNUSED_FUNCTION = YES;
				GCC_WARN_UNUSED_VARIABLE = YES;
				IPHONEOS_DEPLOYMENT_TARGET = 15.0;
				MTL_ENABLE_DEBUG_INFO = INCLUDE_SOURCE;
				MTL_FAST_MATH = YES;
				ONLY_ACTIVE_ARCH = YES;
				SDKROOT = iphoneos;
				SWIFT_ACTIVE_COMPILATION_CONDITIONS = DEBUG;
				SWIFT_OPTIMIZATION_LEVEL = "-Onone";
			};
			name = Debug;
		};
		7C98409627D1B98500CA1E28 /* Release */ = {
			isa = XCBuildConfiguration;
			buildSettings = {
				ALWAYS_SEARCH_USER_PATHS = NO;
				CLANG_ANALYZER_LOCALIZABILITY_NONLOCALIZED = YES;
				CLANG_ANALYZER_NONNULL = YES;
				CLANG_ANALYZER_NUMBER_OBJECT_CONVERSION = YES_AGGRESSIVE;
				CLANG_CXX_LANGUAGE_STANDARD = "gnu++17";
				CLANG_CXX_LIBRARY = "libc++";
				CLANG_ENABLE_MODULES = YES;
				CLANG_ENABLE_OBJC_ARC = YES;
				CLANG_ENABLE_OBJC_WEAK = YES;
				CLANG_WARN_BLOCK_CAPTURE_AUTORELEASING = YES;
				CLANG_WARN_BOOL_CONVERSION = YES;
				CLANG_WARN_COMMA = YES;
				CLANG_WARN_CONSTANT_CONVERSION = YES;
				CLANG_WARN_DEPRECATED_OBJC_IMPLEMENTATIONS = YES;
				CLANG_WARN_DIRECT_OBJC_ISA_USAGE = YES_ERROR;
				CLANG_WARN_DOCUMENTATION_COMMENTS = YES;
				CLANG_WARN_EMPTY_BODY = YES;
				CLANG_WARN_ENUM_CONVERSION = YES;
				CLANG_WARN_INFINITE_RECURSION = YES;
				CLANG_WARN_INT_CONVERSION = YES;
				CLANG_WARN_NON_LITERAL_NULL_CONVERSION = YES;
				CLANG_WARN_OBJC_IMPLICIT_RETAIN_SELF = YES;
				CLANG_WARN_OBJC_LITERAL_CONVERSION = YES;
				CLANG_WARN_OBJC_ROOT_CLASS = YES_ERROR;
				CLANG_WARN_QUOTED_INCLUDE_IN_FRAMEWORK_HEADER = YES;
				CLANG_WARN_RANGE_LOOP_ANALYSIS = YES;
				CLANG_WARN_STRICT_PROTOTYPES = YES;
				CLANG_WARN_SUSPICIOUS_MOVE = YES;
				CLANG_WARN_UNGUARDED_AVAILABILITY = YES_AGGRESSIVE;
				CLANG_WARN_UNREACHABLE_CODE = YES;
				CLANG_WARN__DUPLICATE_METHOD_MATCH = YES;
				COPY_PHASE_STRIP = NO;
				DEBUG_INFORMATION_FORMAT = "dwarf-with-dsym";
				ENABLE_NS_ASSERTIONS = NO;
				ENABLE_STRICT_OBJC_MSGSEND = YES;
				GCC_C_LANGUAGE_STANDARD = gnu11;
				GCC_NO_COMMON_BLOCKS = YES;
				GCC_WARN_64_TO_32_BIT_CONVERSION = YES;
				GCC_WARN_ABOUT_RETURN_TYPE = YES_ERROR;
				GCC_WARN_UNDECLARED_SELECTOR = YES;
				GCC_WARN_UNINITIALIZED_AUTOS = YES_AGGRESSIVE;
				GCC_WARN_UNUSED_FUNCTION = YES;
				GCC_WARN_UNUSED_VARIABLE = YES;
				IPHONEOS_DEPLOYMENT_TARGET = 15.0;
				MTL_ENABLE_DEBUG_INFO = NO;
				MTL_FAST_MATH = YES;
				SDKROOT = iphoneos;
				SWIFT_COMPILATION_MODE = wholemodule;
				SWIFT_OPTIMIZATION_LEVEL = "-O";
				VALIDATE_PRODUCT = YES;
			};
			name = Release;
		};
		7C98409827D1B98500CA1E28 /* Debug */ = {
			isa = XCBuildConfiguration;
			baseConfigurationReference = BED4FEADDE4E3A9C3510F6B7 /* Pods-AsyncTest.debug.xcconfig */;
			buildSettings = {
				ASSETCATALOG_COMPILER_APPICON_NAME = AppIcon;
				ASSETCATALOG_COMPILER_GLOBAL_ACCENT_COLOR_NAME = AccentColor;
				ASSETCATALOG_COMPILER_INCLUDE_ALL_APPICON_ASSETS = YES;
				CODE_SIGN_STYLE = Automatic;
				CURRENT_PROJECT_VERSION = 1;
				DEVELOPMENT_TEAM = RXBUP6L48V;
				GENERATE_INFOPLIST_FILE = YES;
				INFOPLIST_FILE = AsyncTest/Info.plist;
				INFOPLIST_KEY_UIApplicationSupportsIndirectInputEvents = YES;
				INFOPLIST_KEY_UILaunchStoryboardName = LaunchScreen;
				INFOPLIST_KEY_UIMainStoryboardFile = Main;
				INFOPLIST_KEY_UISupportedInterfaceOrientations_iPad = "UIInterfaceOrientationPortrait UIInterfaceOrientationPortraitUpsideDown UIInterfaceOrientationLandscapeLeft UIInterfaceOrientationLandscapeRight";
				INFOPLIST_KEY_UISupportedInterfaceOrientations_iPhone = "UIInterfaceOrientationPortrait UIInterfaceOrientationLandscapeLeft UIInterfaceOrientationLandscapeRight";
				LD_RUNPATH_SEARCH_PATHS = (
					"$(inherited)",
					"@executable_path/Frameworks",
				);
				MARKETING_VERSION = 1.0;
				PRODUCT_BUNDLE_IDENTIFIER = com.raon.lecture.AsyncTest;
				PRODUCT_NAME = "$(TARGET_NAME)";
				SWIFT_EMIT_LOC_STRINGS = YES;
				SWIFT_VERSION = 5.0;
				TARGETED_DEVICE_FAMILY = "1,2";
			};
			name = Debug;
		};
		7C98409927D1B98500CA1E28 /* Release */ = {
			isa = XCBuildConfiguration;
			baseConfigurationReference = C8E62DCED5F93AD2D2FBE9C4 /* Pods-AsyncTest.release.xcconfig */;
			buildSettings = {
				ASSETCATALOG_COMPILER_APPICON_NAME = AppIcon;
				ASSETCATALOG_COMPILER_GLOBAL_ACCENT_COLOR_NAME = AccentColor;
				ASSETCATALOG_COMPILER_INCLUDE_ALL_APPICON_ASSETS = YES;
				CODE_SIGN_STYLE = Automatic;
				CURRENT_PROJECT_VERSION = 1;
				DEVELOPMENT_TEAM = RXBUP6L48V;
				GENERATE_INFOPLIST_FILE = YES;
				INFOPLIST_FILE = AsyncTest/Info.plist;
				INFOPLIST_KEY_UIApplicationSupportsIndirectInputEvents = YES;
				INFOPLIST_KEY_UILaunchStoryboardName = LaunchScreen;
				INFOPLIST_KEY_UIMainStoryboardFile = Main;
				INFOPLIST_KEY_UISupportedInterfaceOrientations_iPad = "UIInterfaceOrientationPortrait UIInterfaceOrientationPortraitUpsideDown UIInterfaceOrientationLandscapeLeft UIInterfaceOrientationLandscapeRight";
				INFOPLIST_KEY_UISupportedInterfaceOrientations_iPhone = "UIInterfaceOrientationPortrait UIInterfaceOrientationLandscapeLeft UIInterfaceOrientationLandscapeRight";
				LD_RUNPATH_SEARCH_PATHS = (
					"$(inherited)",
					"@executable_path/Frameworks",
				);
				MARKETING_VERSION = 1.0;
				PRODUCT_BUNDLE_IDENTIFIER = com.raon.lecture.AsyncTest;
				PRODUCT_NAME = "$(TARGET_NAME)";
				SWIFT_EMIT_LOC_STRINGS = YES;
				SWIFT_VERSION = 5.0;
				TARGETED_DEVICE_FAMILY = "1,2";
			};
			name = Release;
		};
		7C98409B27D1B98500CA1E28 /* Debug */ = {
			isa = XCBuildConfiguration;
			baseConfigurationReference = AC530052785B561016C90CB7 /* Pods-AsyncTestTests.debug.xcconfig */;
			buildSettings = {
				ALWAYS_EMBED_SWIFT_STANDARD_LIBRARIES = YES;
				BUNDLE_LOADER = "$(TEST_HOST)";
				CODE_SIGN_STYLE = Automatic;
				CURRENT_PROJECT_VERSION = 1;
				DEVELOPMENT_TEAM = RXBUP6L48V;
				GENERATE_INFOPLIST_FILE = YES;
				IPHONEOS_DEPLOYMENT_TARGET = 15.0;
				LD_RUNPATH_SEARCH_PATHS = (
					"$(inherited)",
					"@executable_path/Frameworks",
					"@loader_path/Frameworks",
				);
				MARKETING_VERSION = 1.0;
				PRODUCT_BUNDLE_IDENTIFIER = com.raon.lecture.AsyncTestTests;
				PRODUCT_NAME = "$(TARGET_NAME)";
				SWIFT_EMIT_LOC_STRINGS = NO;
				SWIFT_VERSION = 5.0;
				TARGETED_DEVICE_FAMILY = "1,2";
				TEST_HOST = "$(BUILT_PRODUCTS_DIR)/AsyncTest.app/AsyncTest";
			};
			name = Debug;
		};
		7C98409C27D1B98500CA1E28 /* Release */ = {
			isa = XCBuildConfiguration;
			baseConfigurationReference = 12EA954B8DFD68CF347FB9C6 /* Pods-AsyncTestTests.release.xcconfig */;
			buildSettings = {
				ALWAYS_EMBED_SWIFT_STANDARD_LIBRARIES = YES;
				BUNDLE_LOADER = "$(TEST_HOST)";
				CODE_SIGN_STYLE = Automatic;
				CURRENT_PROJECT_VERSION = 1;
				DEVELOPMENT_TEAM = RXBUP6L48V;
				GENERATE_INFOPLIST_FILE = YES;
				IPHONEOS_DEPLOYMENT_TARGET = 15.0;
				LD_RUNPATH_SEARCH_PATHS = (
					"$(inherited)",
					"@executable_path/Frameworks",
					"@loader_path/Frameworks",
				);
				MARKETING_VERSION = 1.0;
				PRODUCT_BUNDLE_IDENTIFIER = com.raon.lecture.AsyncTestTests;
				PRODUCT_NAME = "$(TARGET_NAME)";
				SWIFT_EMIT_LOC_STRINGS = NO;
				SWIFT_VERSION = 5.0;
				TARGETED_DEVICE_FAMILY = "1,2";
				TEST_HOST = "$(BUILT_PRODUCTS_DIR)/AsyncTest.app/AsyncTest";
			};
			name = Release;
		};
		7C98409E27D1B98500CA1E28 /* Debug */ = {
			isa = XCBuildConfiguration;
			baseConfigurationReference = 16EC7BBFBA3F9150E3BABF9D /* Pods-AsyncTest-AsyncTestUITests.debug.xcconfig */;
			buildSettings = {
				ALWAYS_EMBED_SWIFT_STANDARD_LIBRARIES = YES;
				CODE_SIGN_STYLE = Automatic;
				CURRENT_PROJECT_VERSION = 1;
				DEVELOPMENT_TEAM = RXBUP6L48V;
				GENERATE_INFOPLIST_FILE = YES;
				LD_RUNPATH_SEARCH_PATHS = (
					"$(inherited)",
					"@executable_path/Frameworks",
					"@loader_path/Frameworks",
				);
				MARKETING_VERSION = 1.0;
				PRODUCT_BUNDLE_IDENTIFIER = com.raon.lecture.AsyncTestUITests;
				PRODUCT_NAME = "$(TARGET_NAME)";
				SWIFT_EMIT_LOC_STRINGS = NO;
				SWIFT_VERSION = 5.0;
				TARGETED_DEVICE_FAMILY = "1,2";
				TEST_TARGET_NAME = AsyncTest;
			};
			name = Debug;
		};
		7C98409F27D1B98500CA1E28 /* Release */ = {
			isa = XCBuildConfiguration;
			baseConfigurationReference = 8F954B562FD2BE839AC02733 /* Pods-AsyncTest-AsyncTestUITests.release.xcconfig */;
			buildSettings = {
				ALWAYS_EMBED_SWIFT_STANDARD_LIBRARIES = YES;
				CODE_SIGN_STYLE = Automatic;
				CURRENT_PROJECT_VERSION = 1;
				DEVELOPMENT_TEAM = RXBUP6L48V;
				GENERATE_INFOPLIST_FILE = YES;
				LD_RUNPATH_SEARCH_PATHS = (
					"$(inherited)",
					"@executable_path/Frameworks",
					"@loader_path/Frameworks",
				);
				MARKETING_VERSION = 1.0;
				PRODUCT_BUNDLE_IDENTIFIER = com.raon.lecture.AsyncTestUITests;
				PRODUCT_NAME = "$(TARGET_NAME)";
				SWIFT_EMIT_LOC_STRINGS = NO;
				SWIFT_VERSION = 5.0;
				TARGETED_DEVICE_FAMILY = "1,2";
				TEST_TARGET_NAME = AsyncTest;
			};
			name = Release;
		};
/* End XCBuildConfiguration section */

/* Begin XCConfigurationList section */
		7C98406827D1B98300CA1E28 /* Build configuration list for PBXProject "AsyncTest" */ = {
			isa = XCConfigurationList;
			buildConfigurations = (
				7C98409527D1B98500CA1E28 /* Debug */,
				7C98409627D1B98500CA1E28 /* Release */,
			);
			defaultConfigurationIsVisible = 0;
			defaultConfigurationName = Release;
		};
		7C98409727D1B98500CA1E28 /* Build configuration list for PBXNativeTarget "AsyncTest" */ = {
			isa = XCConfigurationList;
			buildConfigurations = (
				7C98409827D1B98500CA1E28 /* Debug */,
				7C98409927D1B98500CA1E28 /* Release */,
			);
			defaultConfigurationIsVisible = 0;
			defaultConfigurationName = Release;
		};
		7C98409A27D1B98500CA1E28 /* Build configuration list for PBXNativeTarget "AsyncTestTests" */ = {
			isa = XCConfigurationList;
			buildConfigurations = (
				7C98409B27D1B98500CA1E28 /* Debug */,
				7C98409C27D1B98500CA1E28 /* Release */,
			);
			defaultConfigurationIsVisible = 0;
			defaultConfigurationName = Release;
		};
		7C98409D27D1B98500CA1E28 /* Build configuration list for PBXNativeTarget "AsyncTestUITests" */ = {
			isa = XCConfigurationList;
			buildConfigurations = (
				7C98409E27D1B98500CA1E28 /* Debug */,
				7C98409F27D1B98500CA1E28 /* Release */,
			);
			defaultConfigurationIsVisible = 0;
			defaultConfigurationName = Release;
		};
/* End XCConfigurationList section */
	};
	rootObject = 7C98406527D1B98300CA1E28 /* Project object */;
}
